// !$*UTF8*$!
{
	archiveVersion = 1;
	classes = {
	};
	objectVersion = 55;
	objects = {

/* Begin PBXBuildFile section */
		B2001FB728698AD6002EB17F /* PopularPhotoManager.m in Sources */ = {isa = PBXBuildFile; fileRef = B2001FB628698AD6002EB17F /* PopularPhotoManager.m */; };
		B2001FBA2869B247002EB17F /* PopularPhotoCollectionViewCell.m in Sources */ = {isa = PBXBuildFile; fileRef = B2001FB92869B247002EB17F /* PopularPhotoCollectionViewCell.m */; };
		B20A5C592875743400F692C7 /* UploadPostViewController.m in Sources */ = {isa = PBXBuildFile; fileRef = B20A5C582875743400F692C7 /* UploadPostViewController.m */; };
		B20A5C5C2875918400F692C7 /* GalleryCollectionViewCell.m in Sources */ = {isa = PBXBuildFile; fileRef = B20A5C5B2875918400F692C7 /* GalleryCollectionViewCell.m */; };
		B20A5C60287593C900F692C7 /* GalleryDataSource.m in Sources */ = {isa = PBXBuildFile; fileRef = B20A5C5F287593C900F692C7 /* GalleryDataSource.m */; };
		B20A5C632875970500F692C7 /* GalleryManager.m in Sources */ = {isa = PBXBuildFile; fileRef = B20A5C622875970500F692C7 /* GalleryManager.m */; };
		B20A5C662876C68200F692C7 /* PermissionErrorViewController.m in Sources */ = {isa = PBXBuildFile; fileRef = B20A5C652876C68200F692C7 /* PermissionErrorViewController.m */; };
		B20A5C692877D4B100F692C7 /* TitleTextField.m in Sources */ = {isa = PBXBuildFile; fileRef = B20A5C682877D4B100F692C7 /* TitleTextField.m */; };
		B20A5C6C2877DBD200F692C7 /* RemainingPhotosNumberCollectionViewCell.m in Sources */ = {isa = PBXBuildFile; fileRef = B20A5C6B2877DBD200F692C7 /* RemainingPhotosNumberCollectionViewCell.m */; };
		B2215570287C0E8B00F2A074 /* UploadNetworking.m in Sources */ = {isa = PBXBuildFile; fileRef = B221556F287C0E8B00F2A074 /* UploadNetworking.m */; };
		B23A30C1286047EF00E976C8 /* LoginViewController.m in Sources */ = {isa = PBXBuildFile; fileRef = B23A30C0286047EF00E976C8 /* LoginViewController.m */; };
		B23A30CA28604B9D00E976C8 /* PopularViewController.m in Sources */ = {isa = PBXBuildFile; fileRef = B23A30C928604B9D00E976C8 /* PopularViewController.m */; };
		B23A30D428604FC700E976C8 /* HomeViewController.m in Sources */ = {isa = PBXBuildFile; fileRef = B23A30D328604FC700E976C8 /* HomeViewController.m */; };
		B23A30DC2860508E00E976C8 /* UploadViewController.m in Sources */ = {isa = PBXBuildFile; fileRef = B23A30DB2860508D00E976C8 /* UploadViewController.m */; };
		B23A30E02860573400E976C8 /* UIView+Additions.m in Sources */ = {isa = PBXBuildFile; fileRef = B23A30DF2860573400E976C8 /* UIView+Additions.m */; };
		B23A30EA28606FEA00E976C8 /* HMAC-sha1.m in Sources */ = {isa = PBXBuildFile; fileRef = B23A30E928606FEA00E976C8 /* HMAC-sha1.m */; };
		B23A30EF28607FCB00E976C8 /* NSString+Additions.m in Sources */ = {isa = PBXBuildFile; fileRef = B23A30EE28607FCB00E976C8 /* NSString+Additions.m */; };
		B23A30F42861602800E976C8 /* TDOAuth.m in Sources */ = {isa = PBXBuildFile; fileRef = B23A30F32861602800E976C8 /* TDOAuth.m */; };
		B23A30F828616CD300E976C8 /* OMGUserAgent.m in Sources */ = {isa = PBXBuildFile; fileRef = B23A30F728616CD300E976C8 /* OMGUserAgent.m */; };
		B23A30FD28616E4800E976C8 /* UserAgent.m in Sources */ = {isa = PBXBuildFile; fileRef = B23A30FC28616E4800E976C8 /* UserAgent.m */; };
		B23A310028616E8F00E976C8 /* OAuth.m in Sources */ = {isa = PBXBuildFile; fileRef = B23A30FF28616E8F00E976C8 /* OAuth.m */; };
		B23A310A28619FE700E976C8 /* LoginHandler.m in Sources */ = {isa = PBXBuildFile; fileRef = B23A310928619FE700E976C8 /* LoginHandler.m */; };
		B26447C92869510100D09C10 /* DynamicSizeCalculator.m in Sources */ = {isa = PBXBuildFile; fileRef = B26447C82869510100D09C10 /* DynamicSizeCalculator.m */; };
		B26447CC2869521C00D09C10 /* DynamicCollectionViewLayout.m in Sources */ = {isa = PBXBuildFile; fileRef = B26447CB2869521C00D09C10 /* DynamicCollectionViewLayout.m */; };
		B26447CF2869541800D09C10 /* FixedFlowLayout.m in Sources */ = {isa = PBXBuildFile; fileRef = B26447CE2869541800D09C10 /* FixedFlowLayout.m */; };
		B277DAD22872867E00EEEBCB /* AlbumInfoCollectionViewCell.m in Sources */ = {isa = PBXBuildFile; fileRef = B277DAD12872867E00EEEBCB /* AlbumInfoCollectionViewCell.m */; };
		B277DAD52872929300EEEBCB /* AlbumInfo.m in Sources */ = {isa = PBXBuildFile; fileRef = B277DAD42872929300EEEBCB /* AlbumInfo.m */; };
		B277DAD82872A35900EEEBCB /* AlbumInfoDataSource.m in Sources */ = {isa = PBXBuildFile; fileRef = B277DAD72872A35900EEEBCB /* AlbumInfoDataSource.m */; };
		B277DADB2872A57100EEEBCB /* AlbumDetailViewController.m in Sources */ = {isa = PBXBuildFile; fileRef = B277DADA2872A57100EEEBCB /* AlbumDetailViewController.m */; };
		B277DADE2872A5D500EEEBCB /* AlbumDetailDataSource.m in Sources */ = {isa = PBXBuildFile; fileRef = B277DADD2872A5D500EEEBCB /* AlbumDetailDataSource.m */; };
		B277DAE12872A5F200EEEBCB /* AlbumDetailCollectionViewCell.m in Sources */ = {isa = PBXBuildFile; fileRef = B277DAE02872A5F200EEEBCB /* AlbumDetailCollectionViewCell.m */; };
		B277DAE42872B6B000EEEBCB /* AlbumDetailPhotoManager.m in Sources */ = {isa = PBXBuildFile; fileRef = B277DAE32872B6AF00EEEBCB /* AlbumDetailPhotoManager.m */; };
		B277DAE72872B6C000EEEBCB /* AlbumInfoManager.m in Sources */ = {isa = PBXBuildFile; fileRef = B277DAE62872B6C000EEEBCB /* AlbumInfoManager.m */; };
		B277DAEA2872C9C900EEEBCB /* NSDate+Additions.m in Sources */ = {isa = PBXBuildFile; fileRef = B277DAE92872C9C900EEEBCB /* NSDate+Additions.m */; };
		B2891798287FBED800AE87B1 /* UploadTask.m in Sources */ = {isa = PBXBuildFile; fileRef = B2891797287FBED800AE87B1 /* UploadTask.m */; };
		B289179B287FC64800AE87B1 /* UploadInfo.m in Sources */ = {isa = PBXBuildFile; fileRef = B289179A287FC64800AE87B1 /* UploadInfo.m */; };
		B29CBB502859D2B20058B382 /* AppDelegate.m in Sources */ = {isa = PBXBuildFile; fileRef = B29CBB4F2859D2B20058B382 /* AppDelegate.m */; };
		B29CBB592859D2B20058B382 /* Main.storyboard in Resources */ = {isa = PBXBuildFile; fileRef = B29CBB572859D2B20058B382 /* Main.storyboard */; };
		B29CBB5B2859D2B60058B382 /* Assets.xcassets in Resources */ = {isa = PBXBuildFile; fileRef = B29CBB5A2859D2B60058B382 /* Assets.xcassets */; };
		B29CBB5E2859D2B60058B382 /* LaunchScreen.storyboard in Resources */ = {isa = PBXBuildFile; fileRef = B29CBB5C2859D2B60058B382 /* LaunchScreen.storyboard */; };
		B29CBB612859D2B60058B382 /* main.m in Sources */ = {isa = PBXBuildFile; fileRef = B29CBB602859D2B60058B382 /* main.m */; };
		B29CBB6B2859D2B60058B382 /* FlickrImageViewerTests.m in Sources */ = {isa = PBXBuildFile; fileRef = B29CBB6A2859D2B60058B382 /* FlickrImageViewerTests.m */; };
		B29CBB752859D2B60058B382 /* FlickrImageViewerUITests.m in Sources */ = {isa = PBXBuildFile; fileRef = B29CBB742859D2B60058B382 /* FlickrImageViewerUITests.m */; };
		B29CBB772859D2B60058B382 /* FlickrImageViewerUITestsLaunchTests.m in Sources */ = {isa = PBXBuildFile; fileRef = B29CBB762859D2B60058B382 /* FlickrImageViewerUITestsLaunchTests.m */; };
		B2A10BEC286D4A7E001189EE /* PublicPhotosViewController.m in Sources */ = {isa = PBXBuildFile; fileRef = B2A10BEB286D4A7E001189EE /* PublicPhotosViewController.m */; };
		B2A10BEF286D4A9E001189EE /* AlbumViewController.m in Sources */ = {isa = PBXBuildFile; fileRef = B2A10BEE286D4A9E001189EE /* AlbumViewController.m */; };
		B2A10BF2286D4B92001189EE /* HeaderViewController.m in Sources */ = {isa = PBXBuildFile; fileRef = B2A10BF1286D4B92001189EE /* HeaderViewController.m */; };
		B2A10BFA286EA038001189EE /* UserProfileManager.m in Sources */ = {isa = PBXBuildFile; fileRef = B2A10BF9286EA038001189EE /* UserProfileManager.m */; };
		B2A10BFD286EA16D001189EE /* Photo.m in Sources */ = {isa = PBXBuildFile; fileRef = B2A10BFC286EA16D001189EE /* Photo.m */; };
		B2B096BD28802661009A4E75 /* GalleryViewModel.m in Sources */ = {isa = PBXBuildFile; fileRef = B2B096BC28802661009A4E75 /* GalleryViewModel.m */; };
		B2B096C828814EB5009A4E75 /* SSSnackbar.m in Sources */ = {isa = PBXBuildFile; fileRef = B2B096C728814EB5009A4E75 /* SSSnackbar.m */; };
		B2BF06CA286ED052002F4B1B /* PublicPhotoManager.m in Sources */ = {isa = PBXBuildFile; fileRef = B2BF06C9286ED052002F4B1B /* PublicPhotoManager.m */; };
		B2BF06CD286ED968002F4B1B /* PublicPhotoCollectionViewCell.m in Sources */ = {isa = PBXBuildFile; fileRef = B2BF06CC286ED968002F4B1B /* PublicPhotoCollectionViewCell.m */; };
		B2BF06D128702BA7002F4B1B /* AccountManager.m in Sources */ = {isa = PBXBuildFile; fileRef = B2BF06D028702BA7002F4B1B /* AccountManager.m */; };
		B2BF06D428702D4B002F4B1B /* NSUserDefaults+Additions.m in Sources */ = {isa = PBXBuildFile; fileRef = B2BF06D328702D4B002F4B1B /* NSUserDefaults+Additions.m */; };
		B2BF06DD28703AFF002F4B1B /* User.m in Sources */ = {isa = PBXBuildFile; fileRef = B2BF06DC28703AFF002F4B1B /* User.m */; };
		B2BF06E128708DD6002F4B1B /* PopularPhotoDataSource.m in Sources */ = {isa = PBXBuildFile; fileRef = B2BF06E028708DD6002F4B1B /* PopularPhotoDataSource.m */; };
		B2BF06E52870980E002F4B1B /* PublicPhotoDataSource.m in Sources */ = {isa = PBXBuildFile; fileRef = B2BF06E42870980E002F4B1B /* PublicPhotoDataSource.m */; };
		B2CAD5792873DADF007AAE9B /* ImageManager.m in Sources */ = {isa = PBXBuildFile; fileRef = B2CAD5782873DADF007AAE9B /* ImageManager.m */; };
		B2CAD57F2873DBFC007AAE9B /* UIImageView+Additions.m in Sources */ = {isa = PBXBuildFile; fileRef = B2CAD57E2873DBFC007AAE9B /* UIImageView+Additions.m */; };
		B2CAD5832873E844007AAE9B /* UploadPhotoManager.m in Sources */ = {isa = PBXBuildFile; fileRef = B2CAD5822873E844007AAE9B /* UploadPhotoManager.m */; };
		B2CAD58728742F4C007AAE9B /* XMLReader.m in Sources */ = {isa = PBXBuildFile; fileRef = B2CAD58628742F4C007AAE9B /* XMLReader.m */; };
		B2CAD58D28744867007AAE9B /* UISegmentedControl+Additions.m in Sources */ = {isa = PBXBuildFile; fileRef = B2CAD58C28744867007AAE9B /* UISegmentedControl+Additions.m */; };
		B2CAD59028744A04007AAE9B /* UIImage+Additions.m in Sources */ = {isa = PBXBuildFile; fileRef = B2CAD58F28744A04007AAE9B /* UIImage+Additions.m */; };
		B2CAD5932875589D007AAE9B /* PhotoForUpload.m in Sources */ = {isa = PBXBuildFile; fileRef = B2CAD5922875589D007AAE9B /* PhotoForUpload.m */; };
		B2CBAC432883F3000052C1D3 /* FlickrImageViewer.xcdatamodeld in Sources */ = {isa = PBXBuildFile; fileRef = B2CBAC412883F3000052C1D3 /* FlickrImageViewer.xcdatamodeld */; };
		B2CBAC652883FFEE0052C1D3 /* DataController.m in Sources */ = {isa = PBXBuildFile; fileRef = B2CBAC642883FFEE0052C1D3 /* DataController.m */; };
		B2CBAC69288400C40052C1D3 /* DataContext.m in Sources */ = {isa = PBXBuildFile; fileRef = B2CBAC68288400C40052C1D3 /* DataContext.m */; };
		B2CBAC74288408CA0052C1D3 /* UserInfo+CoreDataClass.m in Sources */ = {isa = PBXBuildFile; fileRef = B2CBAC72288408CA0052C1D3 /* UserInfo+CoreDataClass.m */; };
		B2CBAC75288408CA0052C1D3 /* UserInfo+CoreDataProperties.m in Sources */ = {isa = PBXBuildFile; fileRef = B2CBAC73288408CA0052C1D3 /* UserInfo+CoreDataProperties.m */; };
		B2CBAC79288440BB0052C1D3 /* Reachability.m in Sources */ = {isa = PBXBuildFile; fileRef = B2CBAC78288440BB0052C1D3 /* Reachability.m */; };
		B2CBAC82288516110052C1D3 /* PublicPhoto+CoreDataClass.m in Sources */ = {isa = PBXBuildFile; fileRef = B2CBAC7C288516110052C1D3 /* PublicPhoto+CoreDataClass.m */; };
		B2CBAC83288516110052C1D3 /* PublicPhoto+CoreDataProperties.m in Sources */ = {isa = PBXBuildFile; fileRef = B2CBAC7D288516110052C1D3 /* PublicPhoto+CoreDataProperties.m */; };
		B2CBAC84288516110052C1D3 /* PopularPhoto+CoreDataClass.m in Sources */ = {isa = PBXBuildFile; fileRef = B2CBAC80288516110052C1D3 /* PopularPhoto+CoreDataClass.m */; };
		B2CBAC85288516110052C1D3 /* PopularPhoto+CoreDataProperties.m in Sources */ = {isa = PBXBuildFile; fileRef = B2CBAC81288516110052C1D3 /* PopularPhoto+CoreDataProperties.m */; };
		B2CED18628635C7900606615 /* LoadingButton.m in Sources */ = {isa = PBXBuildFile; fileRef = B2CED18528635C7900606615 /* LoadingButton.m */; };
		B2CED18F286460AE00606615 /* ImageURLBuilder.m in Sources */ = {isa = PBXBuildFile; fileRef = B2CED18E286460AE00606615 /* ImageURLBuilder.m */; };
		B2D7F5932866E2E3008A2805 /* UserProfileViewController.m in Sources */ = {isa = PBXBuildFile; fileRef = B2D7F5922866E2E3008A2805 /* UserProfileViewController.m */; };
		B2E6CD0A287821C1005F3F2D /* DescriptionTextField.m in Sources */ = {isa = PBXBuildFile; fileRef = B2E6CD09287821C1005F3F2D /* DescriptionTextField.m */; };
		B2E6CD0D2878245D005F3F2D /* AlbumPickerViewController.m in Sources */ = {isa = PBXBuildFile; fileRef = B2E6CD0C2878245D005F3F2D /* AlbumPickerViewController.m */; };
		B2E6CD11287AA770005F3F2D /* MXParallaxHeader.m in Sources */ = {isa = PBXBuildFile; fileRef = B2E6CD10287AA770005F3F2D /* MXParallaxHeader.m */; };
		B2E6CD14287AB1A5005F3F2D /* MXScrollView.m in Sources */ = {isa = PBXBuildFile; fileRef = B2E6CD13287AB1A5005F3F2D /* MXScrollView.m */; };
		B2E6CD17287AB1D8005F3F2D /* MXScrollViewController.m in Sources */ = {isa = PBXBuildFile; fileRef = B2E6CD16287AB1D8005F3F2D /* MXScrollViewController.m */; };
		B2E6CD1A287AB928005F3F2D /* ParallaxViewController.m in Sources */ = {isa = PBXBuildFile; fileRef = B2E6CD19287AB928005F3F2D /* ParallaxViewController.m */; };
		B2E6CD1E287B0494005F3F2D /* PopularPhotoViewModel.m in Sources */ = {isa = PBXBuildFile; fileRef = B2E6CD1D287B0493005F3F2D /* PopularPhotoViewModel.m */; };
		B2F69877286B224400CA596B /* Scope.m in Sources */ = {isa = PBXBuildFile; fileRef = B2F69876286B224400CA596B /* Scope.m */; };
		B2F6987D286B24D200CA596B /* AsyncImageFetcher.m in Sources */ = {isa = PBXBuildFile; fileRef = B2F6987C286B24D200CA596B /* AsyncImageFetcher.m */; };
		B2F69881286B25DB00CA596B /* AsyncImageFetcherOperation.m in Sources */ = {isa = PBXBuildFile; fileRef = B2F69880286B25DB00CA596B /* AsyncImageFetcherOperation.m */; };
		B2F69893286C3AF400CA596B /* NetworkErrorViewController.m in Sources */ = {isa = PBXBuildFile; fileRef = B2F69892286C3AF400CA596B /* NetworkErrorViewController.m */; };
		B2F69896286C3B0200CA596B /* NoDataErrorViewController.m in Sources */ = {isa = PBXBuildFile; fileRef = B2F69895286C3B0100CA596B /* NoDataErrorViewController.m */; };
		B2F69899286C3B0F00CA596B /* ServerErrorViewController.m in Sources */ = {isa = PBXBuildFile; fileRef = B2F69898286C3B0F00CA596B /* ServerErrorViewController.m */; };
		B2FA0623288559B400024DD2 /* AlbumPhoto+CoreDataClass.m in Sources */ = {isa = PBXBuildFile; fileRef = B2FA061D288559B400024DD2 /* AlbumPhoto+CoreDataClass.m */; };
		B2FA0624288559B400024DD2 /* AlbumPhoto+CoreDataProperties.m in Sources */ = {isa = PBXBuildFile; fileRef = B2FA061E288559B400024DD2 /* AlbumPhoto+CoreDataProperties.m */; };
		B2FA062B28856A3300024DD2 /* Album+CoreDataClass.m in Sources */ = {isa = PBXBuildFile; fileRef = B2FA062928856A3300024DD2 /* Album+CoreDataClass.m */; };
		B2FA062C28856A3300024DD2 /* Album+CoreDataProperties.m in Sources */ = {isa = PBXBuildFile; fileRef = B2FA062A28856A3300024DD2 /* Album+CoreDataProperties.m */; };
/* End PBXBuildFile section */

/* Begin PBXContainerItemProxy section */
		B29CBB672859D2B60058B382 /* PBXContainerItemProxy */ = {
			isa = PBXContainerItemProxy;
			containerPortal = B29CBB432859D2B20058B382 /* Project object */;
			proxyType = 1;
			remoteGlobalIDString = B29CBB4A2859D2B20058B382;
			remoteInfo = FlickrImageViewer;
		};
		B29CBB712859D2B60058B382 /* PBXContainerItemProxy */ = {
			isa = PBXContainerItemProxy;
			containerPortal = B29CBB432859D2B20058B382 /* Project object */;
			proxyType = 1;
			remoteGlobalIDString = B29CBB4A2859D2B20058B382;
			remoteInfo = FlickrImageViewer;
		};
/* End PBXContainerItemProxy section */

/* Begin PBXFileReference section */
		B2001FB528698AD6002EB17F /* PopularPhotoManager.h */ = {isa = PBXFileReference; lastKnownFileType = sourcecode.c.h; path = PopularPhotoManager.h; sourceTree = "<group>"; };
		B2001FB628698AD6002EB17F /* PopularPhotoManager.m */ = {isa = PBXFileReference; lastKnownFileType = sourcecode.c.objc; path = PopularPhotoManager.m; sourceTree = "<group>"; };
		B2001FB82869B247002EB17F /* PopularPhotoCollectionViewCell.h */ = {isa = PBXFileReference; lastKnownFileType = sourcecode.c.h; path = PopularPhotoCollectionViewCell.h; sourceTree = "<group>"; };
		B2001FB92869B247002EB17F /* PopularPhotoCollectionViewCell.m */ = {isa = PBXFileReference; lastKnownFileType = sourcecode.c.objc; path = PopularPhotoCollectionViewCell.m; sourceTree = "<group>"; };
		B20A5C572875743400F692C7 /* UploadPostViewController.h */ = {isa = PBXFileReference; lastKnownFileType = sourcecode.c.h; path = UploadPostViewController.h; sourceTree = "<group>"; };
		B20A5C582875743400F692C7 /* UploadPostViewController.m */ = {isa = PBXFileReference; lastKnownFileType = sourcecode.c.objc; path = UploadPostViewController.m; sourceTree = "<group>"; };
		B20A5C5A2875918400F692C7 /* GalleryCollectionViewCell.h */ = {isa = PBXFileReference; lastKnownFileType = sourcecode.c.h; path = GalleryCollectionViewCell.h; sourceTree = "<group>"; };
		B20A5C5B2875918400F692C7 /* GalleryCollectionViewCell.m */ = {isa = PBXFileReference; lastKnownFileType = sourcecode.c.objc; path = GalleryCollectionViewCell.m; sourceTree = "<group>"; };
		B20A5C5E287593C900F692C7 /* GalleryDataSource.h */ = {isa = PBXFileReference; lastKnownFileType = sourcecode.c.h; path = GalleryDataSource.h; sourceTree = "<group>"; };
		B20A5C5F287593C900F692C7 /* GalleryDataSource.m */ = {isa = PBXFileReference; lastKnownFileType = sourcecode.c.objc; path = GalleryDataSource.m; sourceTree = "<group>"; };
		B20A5C612875970500F692C7 /* GalleryManager.h */ = {isa = PBXFileReference; lastKnownFileType = sourcecode.c.h; path = GalleryManager.h; sourceTree = "<group>"; };
		B20A5C622875970500F692C7 /* GalleryManager.m */ = {isa = PBXFileReference; lastKnownFileType = sourcecode.c.objc; path = GalleryManager.m; sourceTree = "<group>"; };
		B20A5C642876C68100F692C7 /* PermissionErrorViewController.h */ = {isa = PBXFileReference; lastKnownFileType = sourcecode.c.h; path = PermissionErrorViewController.h; sourceTree = "<group>"; };
		B20A5C652876C68200F692C7 /* PermissionErrorViewController.m */ = {isa = PBXFileReference; lastKnownFileType = sourcecode.c.objc; path = PermissionErrorViewController.m; sourceTree = "<group>"; };
		B20A5C672877D4B100F692C7 /* TitleTextField.h */ = {isa = PBXFileReference; lastKnownFileType = sourcecode.c.h; path = TitleTextField.h; sourceTree = "<group>"; };
		B20A5C682877D4B100F692C7 /* TitleTextField.m */ = {isa = PBXFileReference; lastKnownFileType = sourcecode.c.objc; path = TitleTextField.m; sourceTree = "<group>"; };
		B20A5C6A2877DBD200F692C7 /* RemainingPhotosNumberCollectionViewCell.h */ = {isa = PBXFileReference; lastKnownFileType = sourcecode.c.h; path = RemainingPhotosNumberCollectionViewCell.h; sourceTree = "<group>"; };
		B20A5C6B2877DBD200F692C7 /* RemainingPhotosNumberCollectionViewCell.m */ = {isa = PBXFileReference; lastKnownFileType = sourcecode.c.objc; path = RemainingPhotosNumberCollectionViewCell.m; sourceTree = "<group>"; };
		B221556E287C0E8B00F2A074 /* UploadNetworking.h */ = {isa = PBXFileReference; lastKnownFileType = sourcecode.c.h; path = UploadNetworking.h; sourceTree = "<group>"; };
		B221556F287C0E8B00F2A074 /* UploadNetworking.m */ = {isa = PBXFileReference; lastKnownFileType = sourcecode.c.objc; path = UploadNetworking.m; sourceTree = "<group>"; };
		B23A30BF286047EF00E976C8 /* LoginViewController.h */ = {isa = PBXFileReference; lastKnownFileType = sourcecode.c.h; path = LoginViewController.h; sourceTree = "<group>"; };
		B23A30C0286047EF00E976C8 /* LoginViewController.m */ = {isa = PBXFileReference; lastKnownFileType = sourcecode.c.objc; path = LoginViewController.m; sourceTree = "<group>"; };
		B23A30C828604B9D00E976C8 /* PopularViewController.h */ = {isa = PBXFileReference; lastKnownFileType = sourcecode.c.h; path = PopularViewController.h; sourceTree = "<group>"; };
		B23A30C928604B9D00E976C8 /* PopularViewController.m */ = {isa = PBXFileReference; lastKnownFileType = sourcecode.c.objc; path = PopularViewController.m; sourceTree = "<group>"; };
		B23A30D228604FC700E976C8 /* HomeViewController.h */ = {isa = PBXFileReference; lastKnownFileType = sourcecode.c.h; path = HomeViewController.h; sourceTree = "<group>"; };
		B23A30D328604FC700E976C8 /* HomeViewController.m */ = {isa = PBXFileReference; lastKnownFileType = sourcecode.c.objc; path = HomeViewController.m; sourceTree = "<group>"; };
		B23A30DA2860508D00E976C8 /* UploadViewController.h */ = {isa = PBXFileReference; lastKnownFileType = sourcecode.c.h; path = UploadViewController.h; sourceTree = "<group>"; };
		B23A30DB2860508D00E976C8 /* UploadViewController.m */ = {isa = PBXFileReference; lastKnownFileType = sourcecode.c.objc; path = UploadViewController.m; sourceTree = "<group>"; };
		B23A30DE2860573400E976C8 /* UIView+Additions.h */ = {isa = PBXFileReference; lastKnownFileType = sourcecode.c.h; path = "UIView+Additions.h"; sourceTree = "<group>"; };
		B23A30DF2860573400E976C8 /* UIView+Additions.m */ = {isa = PBXFileReference; lastKnownFileType = sourcecode.c.objc; path = "UIView+Additions.m"; sourceTree = "<group>"; };
		B23A30E72860624600E976C8 /* Constants.h */ = {isa = PBXFileReference; lastKnownFileType = sourcecode.c.h; path = Constants.h; sourceTree = "<group>"; };
		B23A30E828606FEA00E976C8 /* HMAC-sha1.h */ = {isa = PBXFileReference; lastKnownFileType = sourcecode.c.h; path = "HMAC-sha1.h"; sourceTree = "<group>"; };
		B23A30E928606FEA00E976C8 /* HMAC-sha1.m */ = {isa = PBXFileReference; lastKnownFileType = sourcecode.c.objc; path = "HMAC-sha1.m"; sourceTree = "<group>"; };
		B23A30ED28607FCB00E976C8 /* NSString+Additions.h */ = {isa = PBXFileReference; lastKnownFileType = sourcecode.c.h; path = "NSString+Additions.h"; sourceTree = "<group>"; };
		B23A30EE28607FCB00E976C8 /* NSString+Additions.m */ = {isa = PBXFileReference; lastKnownFileType = sourcecode.c.objc; path = "NSString+Additions.m"; sourceTree = "<group>"; };
		B23A30F22861602800E976C8 /* TDOAuth.h */ = {isa = PBXFileReference; lastKnownFileType = sourcecode.c.h; path = TDOAuth.h; sourceTree = "<group>"; };
		B23A30F32861602800E976C8 /* TDOAuth.m */ = {isa = PBXFileReference; lastKnownFileType = sourcecode.c.objc; path = TDOAuth.m; sourceTree = "<group>"; };
		B23A30F628616CD300E976C8 /* OMGUserAgent.h */ = {isa = PBXFileReference; lastKnownFileType = sourcecode.c.h; path = OMGUserAgent.h; sourceTree = "<group>"; };
		B23A30F728616CD300E976C8 /* OMGUserAgent.m */ = {isa = PBXFileReference; lastKnownFileType = sourcecode.c.objc; path = OMGUserAgent.m; sourceTree = "<group>"; };
		B23A30FB28616E4800E976C8 /* UserAgent.h */ = {isa = PBXFileReference; lastKnownFileType = sourcecode.c.h; path = UserAgent.h; sourceTree = "<group>"; };
		B23A30FC28616E4800E976C8 /* UserAgent.m */ = {isa = PBXFileReference; lastKnownFileType = sourcecode.c.objc; path = UserAgent.m; sourceTree = "<group>"; };
		B23A30FE28616E8F00E976C8 /* OAuth.h */ = {isa = PBXFileReference; lastKnownFileType = sourcecode.c.h; path = OAuth.h; sourceTree = "<group>"; };
		B23A30FF28616E8F00E976C8 /* OAuth.m */ = {isa = PBXFileReference; lastKnownFileType = sourcecode.c.objc; path = OAuth.m; sourceTree = "<group>"; };
		B23A310828619FE700E976C8 /* LoginHandler.h */ = {isa = PBXFileReference; lastKnownFileType = sourcecode.c.h; path = LoginHandler.h; sourceTree = "<group>"; };
		B23A310928619FE700E976C8 /* LoginHandler.m */ = {isa = PBXFileReference; lastKnownFileType = sourcecode.c.objc; path = LoginHandler.m; sourceTree = "<group>"; };
		B26447C72869510100D09C10 /* DynamicSizeCalculator.h */ = {isa = PBXFileReference; lastKnownFileType = sourcecode.c.h; path = DynamicSizeCalculator.h; sourceTree = "<group>"; };
		B26447C82869510100D09C10 /* DynamicSizeCalculator.m */ = {isa = PBXFileReference; lastKnownFileType = sourcecode.c.objc; path = DynamicSizeCalculator.m; sourceTree = "<group>"; };
		B26447CA2869521C00D09C10 /* DynamicCollectionViewLayout.h */ = {isa = PBXFileReference; lastKnownFileType = sourcecode.c.h; path = DynamicCollectionViewLayout.h; sourceTree = "<group>"; };
		B26447CB2869521C00D09C10 /* DynamicCollectionViewLayout.m */ = {isa = PBXFileReference; lastKnownFileType = sourcecode.c.objc; path = DynamicCollectionViewLayout.m; sourceTree = "<group>"; };
		B26447CD2869541800D09C10 /* FixedFlowLayout.h */ = {isa = PBXFileReference; lastKnownFileType = sourcecode.c.h; path = FixedFlowLayout.h; sourceTree = "<group>"; };
		B26447CE2869541800D09C10 /* FixedFlowLayout.m */ = {isa = PBXFileReference; lastKnownFileType = sourcecode.c.objc; path = FixedFlowLayout.m; sourceTree = "<group>"; };
		B277DAD02872867E00EEEBCB /* AlbumInfoCollectionViewCell.h */ = {isa = PBXFileReference; lastKnownFileType = sourcecode.c.h; path = AlbumInfoCollectionViewCell.h; sourceTree = "<group>"; };
		B277DAD12872867E00EEEBCB /* AlbumInfoCollectionViewCell.m */ = {isa = PBXFileReference; lastKnownFileType = sourcecode.c.objc; path = AlbumInfoCollectionViewCell.m; sourceTree = "<group>"; };
		B277DAD32872929300EEEBCB /* AlbumInfo.h */ = {isa = PBXFileReference; lastKnownFileType = sourcecode.c.h; path = AlbumInfo.h; sourceTree = "<group>"; };
		B277DAD42872929300EEEBCB /* AlbumInfo.m */ = {isa = PBXFileReference; lastKnownFileType = sourcecode.c.objc; path = AlbumInfo.m; sourceTree = "<group>"; };
		B277DAD62872A35900EEEBCB /* AlbumInfoDataSource.h */ = {isa = PBXFileReference; lastKnownFileType = sourcecode.c.h; path = AlbumInfoDataSource.h; sourceTree = "<group>"; };
		B277DAD72872A35900EEEBCB /* AlbumInfoDataSource.m */ = {isa = PBXFileReference; lastKnownFileType = sourcecode.c.objc; path = AlbumInfoDataSource.m; sourceTree = "<group>"; };
		B277DAD92872A57100EEEBCB /* AlbumDetailViewController.h */ = {isa = PBXFileReference; lastKnownFileType = sourcecode.c.h; path = AlbumDetailViewController.h; sourceTree = "<group>"; };
		B277DADA2872A57100EEEBCB /* AlbumDetailViewController.m */ = {isa = PBXFileReference; lastKnownFileType = sourcecode.c.objc; path = AlbumDetailViewController.m; sourceTree = "<group>"; };
		B277DADC2872A5D400EEEBCB /* AlbumDetailDataSource.h */ = {isa = PBXFileReference; lastKnownFileType = sourcecode.c.h; path = AlbumDetailDataSource.h; sourceTree = "<group>"; };
		B277DADD2872A5D500EEEBCB /* AlbumDetailDataSource.m */ = {isa = PBXFileReference; lastKnownFileType = sourcecode.c.objc; path = AlbumDetailDataSource.m; sourceTree = "<group>"; };
		B277DADF2872A5F200EEEBCB /* AlbumDetailCollectionViewCell.h */ = {isa = PBXFileReference; lastKnownFileType = sourcecode.c.h; path = AlbumDetailCollectionViewCell.h; sourceTree = "<group>"; };
		B277DAE02872A5F200EEEBCB /* AlbumDetailCollectionViewCell.m */ = {isa = PBXFileReference; lastKnownFileType = sourcecode.c.objc; path = AlbumDetailCollectionViewCell.m; sourceTree = "<group>"; };
		B277DAE22872B6AF00EEEBCB /* AlbumDetailPhotoManager.h */ = {isa = PBXFileReference; lastKnownFileType = sourcecode.c.h; path = AlbumDetailPhotoManager.h; sourceTree = "<group>"; };
		B277DAE32872B6AF00EEEBCB /* AlbumDetailPhotoManager.m */ = {isa = PBXFileReference; lastKnownFileType = sourcecode.c.objc; path = AlbumDetailPhotoManager.m; sourceTree = "<group>"; };
		B277DAE52872B6C000EEEBCB /* AlbumInfoManager.h */ = {isa = PBXFileReference; lastKnownFileType = sourcecode.c.h; path = AlbumInfoManager.h; sourceTree = "<group>"; };
		B277DAE62872B6C000EEEBCB /* AlbumInfoManager.m */ = {isa = PBXFileReference; lastKnownFileType = sourcecode.c.objc; path = AlbumInfoManager.m; sourceTree = "<group>"; };
		B277DAE82872C9C900EEEBCB /* NSDate+Additions.h */ = {isa = PBXFileReference; lastKnownFileType = sourcecode.c.h; path = "NSDate+Additions.h"; sourceTree = "<group>"; };
		B277DAE92872C9C900EEEBCB /* NSDate+Additions.m */ = {isa = PBXFileReference; lastKnownFileType = sourcecode.c.objc; path = "NSDate+Additions.m"; sourceTree = "<group>"; };
		B2891796287FBED800AE87B1 /* UploadTask.h */ = {isa = PBXFileReference; lastKnownFileType = sourcecode.c.h; path = UploadTask.h; sourceTree = "<group>"; };
		B2891797287FBED800AE87B1 /* UploadTask.m */ = {isa = PBXFileReference; lastKnownFileType = sourcecode.c.objc; path = UploadTask.m; sourceTree = "<group>"; };
		B2891799287FC64800AE87B1 /* UploadInfo.h */ = {isa = PBXFileReference; lastKnownFileType = sourcecode.c.h; path = UploadInfo.h; sourceTree = "<group>"; };
		B289179A287FC64800AE87B1 /* UploadInfo.m */ = {isa = PBXFileReference; lastKnownFileType = sourcecode.c.objc; path = UploadInfo.m; sourceTree = "<group>"; };
		B29CBB4B2859D2B20058B382 /* FlickrImageViewer.app */ = {isa = PBXFileReference; explicitFileType = wrapper.application; includeInIndex = 0; path = FlickrImageViewer.app; sourceTree = BUILT_PRODUCTS_DIR; };
		B29CBB4E2859D2B20058B382 /* AppDelegate.h */ = {isa = PBXFileReference; lastKnownFileType = sourcecode.c.h; path = AppDelegate.h; sourceTree = "<group>"; };
		B29CBB4F2859D2B20058B382 /* AppDelegate.m */ = {isa = PBXFileReference; lastKnownFileType = sourcecode.c.objc; path = AppDelegate.m; sourceTree = "<group>"; };
		B29CBB582859D2B20058B382 /* Base */ = {isa = PBXFileReference; lastKnownFileType = file.storyboard; name = Base; path = Base.lproj/Main.storyboard; sourceTree = "<group>"; };
		B29CBB5A2859D2B60058B382 /* Assets.xcassets */ = {isa = PBXFileReference; lastKnownFileType = folder.assetcatalog; path = Assets.xcassets; sourceTree = "<group>"; };
		B29CBB5D2859D2B60058B382 /* Base */ = {isa = PBXFileReference; lastKnownFileType = file.storyboard; name = Base; path = Base.lproj/LaunchScreen.storyboard; sourceTree = "<group>"; };
		B29CBB5F2859D2B60058B382 /* Info.plist */ = {isa = PBXFileReference; lastKnownFileType = text.plist.xml; path = Info.plist; sourceTree = "<group>"; };
		B29CBB602859D2B60058B382 /* main.m */ = {isa = PBXFileReference; lastKnownFileType = sourcecode.c.objc; path = main.m; sourceTree = "<group>"; };
		B29CBB662859D2B60058B382 /* FlickrImageViewerTests.xctest */ = {isa = PBXFileReference; explicitFileType = wrapper.cfbundle; includeInIndex = 0; path = FlickrImageViewerTests.xctest; sourceTree = BUILT_PRODUCTS_DIR; };
		B29CBB6A2859D2B60058B382 /* FlickrImageViewerTests.m */ = {isa = PBXFileReference; lastKnownFileType = sourcecode.c.objc; path = FlickrImageViewerTests.m; sourceTree = "<group>"; };
		B29CBB702859D2B60058B382 /* FlickrImageViewerUITests.xctest */ = {isa = PBXFileReference; explicitFileType = wrapper.cfbundle; includeInIndex = 0; path = FlickrImageViewerUITests.xctest; sourceTree = BUILT_PRODUCTS_DIR; };
		B29CBB742859D2B60058B382 /* FlickrImageViewerUITests.m */ = {isa = PBXFileReference; lastKnownFileType = sourcecode.c.objc; path = FlickrImageViewerUITests.m; sourceTree = "<group>"; };
		B29CBB762859D2B60058B382 /* FlickrImageViewerUITestsLaunchTests.m */ = {isa = PBXFileReference; lastKnownFileType = sourcecode.c.objc; path = FlickrImageViewerUITestsLaunchTests.m; sourceTree = "<group>"; };
		B2A10BEA286D4A7E001189EE /* PublicPhotosViewController.h */ = {isa = PBXFileReference; lastKnownFileType = sourcecode.c.h; path = PublicPhotosViewController.h; sourceTree = "<group>"; };
		B2A10BEB286D4A7E001189EE /* PublicPhotosViewController.m */ = {isa = PBXFileReference; lastKnownFileType = sourcecode.c.objc; path = PublicPhotosViewController.m; sourceTree = "<group>"; };
		B2A10BED286D4A9E001189EE /* AlbumViewController.h */ = {isa = PBXFileReference; lastKnownFileType = sourcecode.c.h; path = AlbumViewController.h; sourceTree = "<group>"; };
		B2A10BEE286D4A9E001189EE /* AlbumViewController.m */ = {isa = PBXFileReference; lastKnownFileType = sourcecode.c.objc; path = AlbumViewController.m; sourceTree = "<group>"; };
		B2A10BF0286D4B92001189EE /* HeaderViewController.h */ = {isa = PBXFileReference; lastKnownFileType = sourcecode.c.h; path = HeaderViewController.h; sourceTree = "<group>"; };
		B2A10BF1286D4B92001189EE /* HeaderViewController.m */ = {isa = PBXFileReference; lastKnownFileType = sourcecode.c.objc; path = HeaderViewController.m; sourceTree = "<group>"; };
		B2A10BF4286D5095001189EE /* UserProfileConstants.h */ = {isa = PBXFileReference; lastKnownFileType = sourcecode.c.h; path = UserProfileConstants.h; sourceTree = "<group>"; };
		B2A10BF8286EA038001189EE /* UserProfileManager.h */ = {isa = PBXFileReference; lastKnownFileType = sourcecode.c.h; path = UserProfileManager.h; sourceTree = "<group>"; };
		B2A10BF9286EA038001189EE /* UserProfileManager.m */ = {isa = PBXFileReference; lastKnownFileType = sourcecode.c.objc; path = UserProfileManager.m; sourceTree = "<group>"; };
		B2A10BFB286EA16D001189EE /* Photo.h */ = {isa = PBXFileReference; lastKnownFileType = sourcecode.c.h; path = Photo.h; sourceTree = "<group>"; };
		B2A10BFC286EA16D001189EE /* Photo.m */ = {isa = PBXFileReference; lastKnownFileType = sourcecode.c.objc; path = Photo.m; sourceTree = "<group>"; };
		B2B096BB28802661009A4E75 /* GalleryViewModel.h */ = {isa = PBXFileReference; lastKnownFileType = sourcecode.c.h; path = GalleryViewModel.h; sourceTree = "<group>"; };
		B2B096BC28802661009A4E75 /* GalleryViewModel.m */ = {isa = PBXFileReference; lastKnownFileType = sourcecode.c.objc; path = GalleryViewModel.m; sourceTree = "<group>"; };
		B2B096C628814EB5009A4E75 /* SSSnackbar.h */ = {isa = PBXFileReference; lastKnownFileType = sourcecode.c.h; path = SSSnackbar.h; sourceTree = "<group>"; };
		B2B096C728814EB5009A4E75 /* SSSnackbar.m */ = {isa = PBXFileReference; lastKnownFileType = sourcecode.c.objc; path = SSSnackbar.m; sourceTree = "<group>"; };
		B2BF06C8286ED052002F4B1B /* PublicPhotoManager.h */ = {isa = PBXFileReference; lastKnownFileType = sourcecode.c.h; path = PublicPhotoManager.h; sourceTree = "<group>"; };
		B2BF06C9286ED052002F4B1B /* PublicPhotoManager.m */ = {isa = PBXFileReference; lastKnownFileType = sourcecode.c.objc; path = PublicPhotoManager.m; sourceTree = "<group>"; };
		B2BF06CB286ED968002F4B1B /* PublicPhotoCollectionViewCell.h */ = {isa = PBXFileReference; lastKnownFileType = sourcecode.c.h; path = PublicPhotoCollectionViewCell.h; sourceTree = "<group>"; };
		B2BF06CC286ED968002F4B1B /* PublicPhotoCollectionViewCell.m */ = {isa = PBXFileReference; lastKnownFileType = sourcecode.c.objc; path = PublicPhotoCollectionViewCell.m; sourceTree = "<group>"; };
		B2BF06CF28702BA7002F4B1B /* AccountManager.h */ = {isa = PBXFileReference; lastKnownFileType = sourcecode.c.h; path = AccountManager.h; sourceTree = "<group>"; };
		B2BF06D028702BA7002F4B1B /* AccountManager.m */ = {isa = PBXFileReference; lastKnownFileType = sourcecode.c.objc; path = AccountManager.m; sourceTree = "<group>"; };
		B2BF06D228702D4B002F4B1B /* NSUserDefaults+Additions.h */ = {isa = PBXFileReference; lastKnownFileType = sourcecode.c.h; path = "NSUserDefaults+Additions.h"; sourceTree = "<group>"; };
		B2BF06D328702D4B002F4B1B /* NSUserDefaults+Additions.m */ = {isa = PBXFileReference; lastKnownFileType = sourcecode.c.objc; path = "NSUserDefaults+Additions.m"; sourceTree = "<group>"; };
		B2BF06DB28703AFF002F4B1B /* User.h */ = {isa = PBXFileReference; lastKnownFileType = sourcecode.c.h; path = User.h; sourceTree = "<group>"; };
		B2BF06DC28703AFF002F4B1B /* User.m */ = {isa = PBXFileReference; lastKnownFileType = sourcecode.c.objc; path = User.m; sourceTree = "<group>"; };
		B2BF06DF28708DD6002F4B1B /* PopularPhotoDataSource.h */ = {isa = PBXFileReference; lastKnownFileType = sourcecode.c.h; path = PopularPhotoDataSource.h; sourceTree = "<group>"; };
		B2BF06E028708DD6002F4B1B /* PopularPhotoDataSource.m */ = {isa = PBXFileReference; lastKnownFileType = sourcecode.c.objc; path = PopularPhotoDataSource.m; sourceTree = "<group>"; };
		B2BF06E32870980E002F4B1B /* PublicPhotoDataSource.h */ = {isa = PBXFileReference; lastKnownFileType = sourcecode.c.h; path = PublicPhotoDataSource.h; sourceTree = "<group>"; };
		B2BF06E42870980E002F4B1B /* PublicPhotoDataSource.m */ = {isa = PBXFileReference; lastKnownFileType = sourcecode.c.objc; path = PublicPhotoDataSource.m; sourceTree = "<group>"; };
		B2CAD5772873DADF007AAE9B /* ImageManager.h */ = {isa = PBXFileReference; lastKnownFileType = sourcecode.c.h; path = ImageManager.h; sourceTree = "<group>"; };
		B2CAD5782873DADF007AAE9B /* ImageManager.m */ = {isa = PBXFileReference; lastKnownFileType = sourcecode.c.objc; path = ImageManager.m; sourceTree = "<group>"; };
		B2CAD57D2873DBFC007AAE9B /* UIImageView+Additions.h */ = {isa = PBXFileReference; lastKnownFileType = sourcecode.c.h; path = "UIImageView+Additions.h"; sourceTree = "<group>"; };
		B2CAD57E2873DBFC007AAE9B /* UIImageView+Additions.m */ = {isa = PBXFileReference; lastKnownFileType = sourcecode.c.objc; path = "UIImageView+Additions.m"; sourceTree = "<group>"; };
		B2CAD5812873E844007AAE9B /* UploadPhotoManager.h */ = {isa = PBXFileReference; lastKnownFileType = sourcecode.c.h; path = UploadPhotoManager.h; sourceTree = "<group>"; };
		B2CAD5822873E844007AAE9B /* UploadPhotoManager.m */ = {isa = PBXFileReference; lastKnownFileType = sourcecode.c.objc; path = UploadPhotoManager.m; sourceTree = "<group>"; };
		B2CAD58528742F4C007AAE9B /* XMLReader.h */ = {isa = PBXFileReference; lastKnownFileType = sourcecode.c.h; path = XMLReader.h; sourceTree = "<group>"; };
		B2CAD58628742F4C007AAE9B /* XMLReader.m */ = {isa = PBXFileReference; lastKnownFileType = sourcecode.c.objc; path = XMLReader.m; sourceTree = "<group>"; };
		B2CAD58B28744867007AAE9B /* UISegmentedControl+Additions.h */ = {isa = PBXFileReference; lastKnownFileType = sourcecode.c.h; path = "UISegmentedControl+Additions.h"; sourceTree = "<group>"; };
		B2CAD58C28744867007AAE9B /* UISegmentedControl+Additions.m */ = {isa = PBXFileReference; lastKnownFileType = sourcecode.c.objc; path = "UISegmentedControl+Additions.m"; sourceTree = "<group>"; };
		B2CAD58E28744A04007AAE9B /* UIImage+Additions.h */ = {isa = PBXFileReference; lastKnownFileType = sourcecode.c.h; path = "UIImage+Additions.h"; sourceTree = "<group>"; };
		B2CAD58F28744A04007AAE9B /* UIImage+Additions.m */ = {isa = PBXFileReference; lastKnownFileType = sourcecode.c.objc; path = "UIImage+Additions.m"; sourceTree = "<group>"; };
		B2CAD5912875589D007AAE9B /* PhotoForUpload.h */ = {isa = PBXFileReference; lastKnownFileType = sourcecode.c.h; path = PhotoForUpload.h; sourceTree = "<group>"; };
		B2CAD5922875589D007AAE9B /* PhotoForUpload.m */ = {isa = PBXFileReference; lastKnownFileType = sourcecode.c.objc; path = PhotoForUpload.m; sourceTree = "<group>"; };
		B2CBAC422883F3000052C1D3 /* FlickrImageViewer.xcdatamodel */ = {isa = PBXFileReference; lastKnownFileType = wrapper.xcdatamodel; path = FlickrImageViewer.xcdatamodel; sourceTree = "<group>"; };
		B2CBAC632883FFEE0052C1D3 /* DataController.h */ = {isa = PBXFileReference; lastKnownFileType = sourcecode.c.h; path = DataController.h; sourceTree = "<group>"; };
		B2CBAC642883FFEE0052C1D3 /* DataController.m */ = {isa = PBXFileReference; lastKnownFileType = sourcecode.c.objc; path = DataController.m; sourceTree = "<group>"; };
		B2CBAC67288400C40052C1D3 /* DataContext.h */ = {isa = PBXFileReference; lastKnownFileType = sourcecode.c.h; path = DataContext.h; sourceTree = "<group>"; };
		B2CBAC68288400C40052C1D3 /* DataContext.m */ = {isa = PBXFileReference; lastKnownFileType = sourcecode.c.objc; path = DataContext.m; sourceTree = "<group>"; };
		B2CBAC70288408CA0052C1D3 /* UserInfo+CoreDataProperties.h */ = {isa = PBXFileReference; lastKnownFileType = sourcecode.c.h; path = "UserInfo+CoreDataProperties.h"; sourceTree = "<group>"; };
		B2CBAC71288408CA0052C1D3 /* UserInfo+CoreDataClass.h */ = {isa = PBXFileReference; lastKnownFileType = sourcecode.c.h; path = "UserInfo+CoreDataClass.h"; sourceTree = "<group>"; };
		B2CBAC72288408CA0052C1D3 /* UserInfo+CoreDataClass.m */ = {isa = PBXFileReference; lastKnownFileType = sourcecode.c.objc; path = "UserInfo+CoreDataClass.m"; sourceTree = "<group>"; };
		B2CBAC73288408CA0052C1D3 /* UserInfo+CoreDataProperties.m */ = {isa = PBXFileReference; lastKnownFileType = sourcecode.c.objc; path = "UserInfo+CoreDataProperties.m"; sourceTree = "<group>"; };
		B2CBAC77288440BB0052C1D3 /* Reachability.h */ = {isa = PBXFileReference; lastKnownFileType = sourcecode.c.h; path = Reachability.h; sourceTree = "<group>"; };
		B2CBAC78288440BB0052C1D3 /* Reachability.m */ = {isa = PBXFileReference; lastKnownFileType = sourcecode.c.objc; path = Reachability.m; sourceTree = "<group>"; };
		B2CBAC7A288516110052C1D3 /* PublicPhoto+CoreDataProperties.h */ = {isa = PBXFileReference; lastKnownFileType = sourcecode.c.h; path = "PublicPhoto+CoreDataProperties.h"; sourceTree = "<group>"; };
		B2CBAC7B288516110052C1D3 /* PublicPhoto+CoreDataClass.h */ = {isa = PBXFileReference; lastKnownFileType = sourcecode.c.h; path = "PublicPhoto+CoreDataClass.h"; sourceTree = "<group>"; };
		B2CBAC7C288516110052C1D3 /* PublicPhoto+CoreDataClass.m */ = {isa = PBXFileReference; lastKnownFileType = sourcecode.c.objc; path = "PublicPhoto+CoreDataClass.m"; sourceTree = "<group>"; };
		B2CBAC7D288516110052C1D3 /* PublicPhoto+CoreDataProperties.m */ = {isa = PBXFileReference; lastKnownFileType = sourcecode.c.objc; path = "PublicPhoto+CoreDataProperties.m"; sourceTree = "<group>"; };
		B2CBAC7E288516110052C1D3 /* PopularPhoto+CoreDataProperties.h */ = {isa = PBXFileReference; lastKnownFileType = sourcecode.c.h; path = "PopularPhoto+CoreDataProperties.h"; sourceTree = "<group>"; };
		B2CBAC7F288516110052C1D3 /* PopularPhoto+CoreDataClass.h */ = {isa = PBXFileReference; lastKnownFileType = sourcecode.c.h; path = "PopularPhoto+CoreDataClass.h"; sourceTree = "<group>"; };
		B2CBAC80288516110052C1D3 /* PopularPhoto+CoreDataClass.m */ = {isa = PBXFileReference; lastKnownFileType = sourcecode.c.objc; path = "PopularPhoto+CoreDataClass.m"; sourceTree = "<group>"; };
		B2CBAC81288516110052C1D3 /* PopularPhoto+CoreDataProperties.m */ = {isa = PBXFileReference; lastKnownFileType = sourcecode.c.objc; path = "PopularPhoto+CoreDataProperties.m"; sourceTree = "<group>"; };
		B2CED18428635C7900606615 /* LoadingButton.h */ = {isa = PBXFileReference; lastKnownFileType = sourcecode.c.h; path = LoadingButton.h; sourceTree = "<group>"; };
		B2CED18528635C7900606615 /* LoadingButton.m */ = {isa = PBXFileReference; lastKnownFileType = sourcecode.c.objc; path = LoadingButton.m; sourceTree = "<group>"; };
		B2CED18D286460AE00606615 /* ImageURLBuilder.h */ = {isa = PBXFileReference; lastKnownFileType = sourcecode.c.h; path = ImageURLBuilder.h; sourceTree = "<group>"; };
		B2CED18E286460AE00606615 /* ImageURLBuilder.m */ = {isa = PBXFileReference; lastKnownFileType = sourcecode.c.objc; path = ImageURLBuilder.m; sourceTree = "<group>"; };
		B2D7F5912866E2E3008A2805 /* UserProfileViewController.h */ = {isa = PBXFileReference; lastKnownFileType = sourcecode.c.h; path = UserProfileViewController.h; sourceTree = "<group>"; };
		B2D7F5922866E2E3008A2805 /* UserProfileViewController.m */ = {isa = PBXFileReference; lastKnownFileType = sourcecode.c.objc; path = UserProfileViewController.m; sourceTree = "<group>"; };
		B2E6CD08287821C1005F3F2D /* DescriptionTextField.h */ = {isa = PBXFileReference; lastKnownFileType = sourcecode.c.h; path = DescriptionTextField.h; sourceTree = "<group>"; };
		B2E6CD09287821C1005F3F2D /* DescriptionTextField.m */ = {isa = PBXFileReference; lastKnownFileType = sourcecode.c.objc; path = DescriptionTextField.m; sourceTree = "<group>"; };
		B2E6CD0B2878245D005F3F2D /* AlbumPickerViewController.h */ = {isa = PBXFileReference; lastKnownFileType = sourcecode.c.h; path = AlbumPickerViewController.h; sourceTree = "<group>"; };
		B2E6CD0C2878245D005F3F2D /* AlbumPickerViewController.m */ = {isa = PBXFileReference; lastKnownFileType = sourcecode.c.objc; path = AlbumPickerViewController.m; sourceTree = "<group>"; };
		B2E6CD0F287AA770005F3F2D /* MXParallaxHeader.h */ = {isa = PBXFileReference; lastKnownFileType = sourcecode.c.h; path = MXParallaxHeader.h; sourceTree = "<group>"; };
		B2E6CD10287AA770005F3F2D /* MXParallaxHeader.m */ = {isa = PBXFileReference; lastKnownFileType = sourcecode.c.objc; path = MXParallaxHeader.m; sourceTree = "<group>"; };
		B2E6CD12287AB1A5005F3F2D /* MXScrollView.h */ = {isa = PBXFileReference; lastKnownFileType = sourcecode.c.h; path = MXScrollView.h; sourceTree = "<group>"; };
		B2E6CD13287AB1A5005F3F2D /* MXScrollView.m */ = {isa = PBXFileReference; lastKnownFileType = sourcecode.c.objc; path = MXScrollView.m; sourceTree = "<group>"; };
		B2E6CD15287AB1D7005F3F2D /* MXScrollViewController.h */ = {isa = PBXFileReference; lastKnownFileType = sourcecode.c.h; path = MXScrollViewController.h; sourceTree = "<group>"; };
		B2E6CD16287AB1D8005F3F2D /* MXScrollViewController.m */ = {isa = PBXFileReference; lastKnownFileType = sourcecode.c.objc; path = MXScrollViewController.m; sourceTree = "<group>"; };
		B2E6CD18287AB928005F3F2D /* ParallaxViewController.h */ = {isa = PBXFileReference; lastKnownFileType = sourcecode.c.h; path = ParallaxViewController.h; sourceTree = "<group>"; };
		B2E6CD19287AB928005F3F2D /* ParallaxViewController.m */ = {isa = PBXFileReference; lastKnownFileType = sourcecode.c.objc; path = ParallaxViewController.m; sourceTree = "<group>"; };
		B2E6CD1C287B0493005F3F2D /* PopularPhotoViewModel.h */ = {isa = PBXFileReference; lastKnownFileType = sourcecode.c.h; path = PopularPhotoViewModel.h; sourceTree = "<group>"; };
		B2E6CD1D287B0493005F3F2D /* PopularPhotoViewModel.m */ = {isa = PBXFileReference; lastKnownFileType = sourcecode.c.objc; path = PopularPhotoViewModel.m; sourceTree = "<group>"; };
		B2F69875286B224400CA596B /* Scope.h */ = {isa = PBXFileReference; lastKnownFileType = sourcecode.c.h; path = Scope.h; sourceTree = "<group>"; };
		B2F69876286B224400CA596B /* Scope.m */ = {isa = PBXFileReference; lastKnownFileType = sourcecode.c.objc; path = Scope.m; sourceTree = "<group>"; };
		B2F69878286B225500CA596B /* metamacros.h */ = {isa = PBXFileReference; lastKnownFileType = sourcecode.c.h; path = metamacros.h; sourceTree = "<group>"; };
		B2F69879286B22BE00CA596B /* Defer.h */ = {isa = PBXFileReference; lastKnownFileType = sourcecode.c.h; path = Defer.h; sourceTree = "<group>"; };
		B2F6987B286B24D200CA596B /* AsyncImageFetcher.h */ = {isa = PBXFileReference; lastKnownFileType = sourcecode.c.h; path = AsyncImageFetcher.h; sourceTree = "<group>"; };
		B2F6987C286B24D200CA596B /* AsyncImageFetcher.m */ = {isa = PBXFileReference; lastKnownFileType = sourcecode.c.objc; path = AsyncImageFetcher.m; sourceTree = "<group>"; };
		B2F6987F286B25DB00CA596B /* AsyncImageFetcherOperation.h */ = {isa = PBXFileReference; lastKnownFileType = sourcecode.c.h; path = AsyncImageFetcherOperation.h; sourceTree = "<group>"; };
		B2F69880286B25DB00CA596B /* AsyncImageFetcherOperation.m */ = {isa = PBXFileReference; lastKnownFileType = sourcecode.c.objc; path = AsyncImageFetcherOperation.m; sourceTree = "<group>"; };
		B2F69891286C3AF400CA596B /* NetworkErrorViewController.h */ = {isa = PBXFileReference; lastKnownFileType = sourcecode.c.h; path = NetworkErrorViewController.h; sourceTree = "<group>"; };
		B2F69892286C3AF400CA596B /* NetworkErrorViewController.m */ = {isa = PBXFileReference; lastKnownFileType = sourcecode.c.objc; path = NetworkErrorViewController.m; sourceTree = "<group>"; };
		B2F69894286C3B0100CA596B /* NoDataErrorViewController.h */ = {isa = PBXFileReference; lastKnownFileType = sourcecode.c.h; path = NoDataErrorViewController.h; sourceTree = "<group>"; };
		B2F69895286C3B0100CA596B /* NoDataErrorViewController.m */ = {isa = PBXFileReference; lastKnownFileType = sourcecode.c.objc; path = NoDataErrorViewController.m; sourceTree = "<group>"; };
		B2F69897286C3B0F00CA596B /* ServerErrorViewController.h */ = {isa = PBXFileReference; lastKnownFileType = sourcecode.c.h; path = ServerErrorViewController.h; sourceTree = "<group>"; };
		B2F69898286C3B0F00CA596B /* ServerErrorViewController.m */ = {isa = PBXFileReference; lastKnownFileType = sourcecode.c.objc; path = ServerErrorViewController.m; sourceTree = "<group>"; };
		B2F6989A286C3B3100CA596B /* ErrorViewConstants.h */ = {isa = PBXFileReference; lastKnownFileType = sourcecode.c.h; path = ErrorViewConstants.h; sourceTree = "<group>"; };
		B2FA061B288559B400024DD2 /* AlbumPhoto+CoreDataProperties.h */ = {isa = PBXFileReference; lastKnownFileType = sourcecode.c.h; path = "AlbumPhoto+CoreDataProperties.h"; sourceTree = "<group>"; };
		B2FA061C288559B400024DD2 /* AlbumPhoto+CoreDataClass.h */ = {isa = PBXFileReference; lastKnownFileType = sourcecode.c.h; path = "AlbumPhoto+CoreDataClass.h"; sourceTree = "<group>"; };
		B2FA061D288559B400024DD2 /* AlbumPhoto+CoreDataClass.m */ = {isa = PBXFileReference; lastKnownFileType = sourcecode.c.objc; path = "AlbumPhoto+CoreDataClass.m"; sourceTree = "<group>"; };
		B2FA061E288559B400024DD2 /* AlbumPhoto+CoreDataProperties.m */ = {isa = PBXFileReference; lastKnownFileType = sourcecode.c.objc; path = "AlbumPhoto+CoreDataProperties.m"; sourceTree = "<group>"; };
		B2FA062728856A3300024DD2 /* Album+CoreDataProperties.h */ = {isa = PBXFileReference; lastKnownFileType = sourcecode.c.h; path = "Album+CoreDataProperties.h"; sourceTree = "<group>"; };
		B2FA062828856A3300024DD2 /* Album+CoreDataClass.h */ = {isa = PBXFileReference; lastKnownFileType = sourcecode.c.h; path = "Album+CoreDataClass.h"; sourceTree = "<group>"; };
		B2FA062928856A3300024DD2 /* Album+CoreDataClass.m */ = {isa = PBXFileReference; lastKnownFileType = sourcecode.c.objc; path = "Album+CoreDataClass.m"; sourceTree = "<group>"; };
		B2FA062A28856A3300024DD2 /* Album+CoreDataProperties.m */ = {isa = PBXFileReference; lastKnownFileType = sourcecode.c.objc; path = "Album+CoreDataProperties.m"; sourceTree = "<group>"; };
/* End PBXFileReference section */

/* Begin PBXFrameworksBuildPhase section */
		B29CBB482859D2B20058B382 /* Frameworks */ = {
			isa = PBXFrameworksBuildPhase;
			buildActionMask = 2147483647;
			files = (
			);
			runOnlyForDeploymentPostprocessing = 0;
		};
		B29CBB632859D2B60058B382 /* Frameworks */ = {
			isa = PBXFrameworksBuildPhase;
			buildActionMask = 2147483647;
			files = (
			);
			runOnlyForDeploymentPostprocessing = 0;
		};
		B29CBB6D2859D2B60058B382 /* Frameworks */ = {
			isa = PBXFrameworksBuildPhase;
			buildActionMask = 2147483647;
			files = (
			);
			runOnlyForDeploymentPostprocessing = 0;
		};
/* End PBXFrameworksBuildPhase section */

/* Begin PBXGroup section */
		B20A5C5D2875939F00F692C7 /* DataSource */ = {
			isa = PBXGroup;
			children = (
				B20A5C5E287593C900F692C7 /* GalleryDataSource.h */,
				B20A5C5F287593C900F692C7 /* GalleryDataSource.m */,
			);
			path = DataSource;
			sourceTree = "<group>";
		};
		B221556B287BFDF300F2A074 /* AsyncUploader */ = {
			isa = PBXGroup;
			children = (
			);
			path = AsyncUploader;
			sourceTree = "<group>";
		};
		B221556C287C0E3700F2A074 /* Networking */ = {
			isa = PBXGroup;
			children = (
				B2891799287FC64800AE87B1 /* UploadInfo.h */,
				B289179A287FC64800AE87B1 /* UploadInfo.m */,
				B221556E287C0E8B00F2A074 /* UploadNetworking.h */,
				B221556F287C0E8B00F2A074 /* UploadNetworking.m */,
				B2891796287FBED800AE87B1 /* UploadTask.h */,
				B2891797287FBED800AE87B1 /* UploadTask.m */,
			);
			path = Networking;
			sourceTree = "<group>";
		};
		B23A30C628604B7D00E976C8 /* Popular */ = {
			isa = PBXGroup;
			children = (
				B2E6CD1B287B0266005F3F2D /* ViewModels */,
				B2BF06DE28708D7E002F4B1B /* DataSource */,
				B26447DC286977B500D09C10 /* Handlers */,
				B23A30C728604B8A00E976C8 /* Views */,
				B23A30C828604B9D00E976C8 /* PopularViewController.h */,
				B23A30C928604B9D00E976C8 /* PopularViewController.m */,
			);
			path = Popular;
			sourceTree = "<group>";
		};
		B23A30C728604B8A00E976C8 /* Views */ = {
			isa = PBXGroup;
			children = (
				B2001FB82869B247002EB17F /* PopularPhotoCollectionViewCell.h */,
				B2001FB92869B247002EB17F /* PopularPhotoCollectionViewCell.m */,
			);
			path = Views;
			sourceTree = "<group>";
		};
		B23A30CB28604BB400E976C8 /* Error */ = {
			isa = PBXGroup;
			children = (
				B23A30CC28604BD800E976C8 /* Views */,
				B2F69891286C3AF400CA596B /* NetworkErrorViewController.h */,
				B2F69892286C3AF400CA596B /* NetworkErrorViewController.m */,
				B2F69897286C3B0F00CA596B /* ServerErrorViewController.h */,
				B2F69898286C3B0F00CA596B /* ServerErrorViewController.m */,
				B2F69894286C3B0100CA596B /* NoDataErrorViewController.h */,
				B2F69895286C3B0100CA596B /* NoDataErrorViewController.m */,
				B20A5C642876C68100F692C7 /* PermissionErrorViewController.h */,
				B20A5C652876C68200F692C7 /* PermissionErrorViewController.m */,
				B2F6989A286C3B3100CA596B /* ErrorViewConstants.h */,
			);
			path = Error;
			sourceTree = "<group>";
		};
		B23A30CC28604BD800E976C8 /* Views */ = {
			isa = PBXGroup;
			children = (
			);
			path = Views;
			sourceTree = "<group>";
		};
		B23A30CD28604F0700E976C8 /* Home */ = {
			isa = PBXGroup;
			children = (
				B2D7F58F2866E2C6008A2805 /* UserProfile */,
				B23A30C628604B7D00E976C8 /* Popular */,
				B23A30D128604F4000E976C8 /* Upload */,
				B23A30D228604FC700E976C8 /* HomeViewController.h */,
				B23A30D328604FC700E976C8 /* HomeViewController.m */,
			);
			path = Home;
			sourceTree = "<group>";
		};
		B23A30D128604F4000E976C8 /* Upload */ = {
			isa = PBXGroup;
			children = (
				B2B096BA2880263E009A4E75 /* ViewModels */,
				B221556C287C0E3700F2A074 /* Networking */,
				B20A5C5D2875939F00F692C7 /* DataSource */,
				B2CAD5802873E832007AAE9B /* Handlers */,
				B23A30D62860506700E976C8 /* Views */,
				B23A30DA2860508D00E976C8 /* UploadViewController.h */,
				B23A30DB2860508D00E976C8 /* UploadViewController.m */,
				B20A5C572875743400F692C7 /* UploadPostViewController.h */,
				B20A5C582875743400F692C7 /* UploadPostViewController.m */,
				B2E6CD0B2878245D005F3F2D /* AlbumPickerViewController.h */,
				B2E6CD0C2878245D005F3F2D /* AlbumPickerViewController.m */,
			);
			path = Upload;
			sourceTree = "<group>";
		};
		B23A30D62860506700E976C8 /* Views */ = {
			isa = PBXGroup;
			children = (
				B20A5C6A2877DBD200F692C7 /* RemainingPhotosNumberCollectionViewCell.h */,
				B20A5C6B2877DBD200F692C7 /* RemainingPhotosNumberCollectionViewCell.m */,
				B20A5C5A2875918400F692C7 /* GalleryCollectionViewCell.h */,
				B20A5C5B2875918400F692C7 /* GalleryCollectionViewCell.m */,
				B20A5C672877D4B100F692C7 /* TitleTextField.h */,
				B20A5C682877D4B100F692C7 /* TitleTextField.m */,
				B2E6CD08287821C1005F3F2D /* DescriptionTextField.h */,
				B2E6CD09287821C1005F3F2D /* DescriptionTextField.m */,
			);
			path = Views;
			sourceTree = "<group>";
		};
		B23A30E62860623400E976C8 /* Constants */ = {
			isa = PBXGroup;
			children = (
				B23A30E72860624600E976C8 /* Constants.h */,
			);
			path = Constants;
			sourceTree = "<group>";
		};
		B23A30EB286070C000E976C8 /* Hash */ = {
			isa = PBXGroup;
			children = (
				B23A30E828606FEA00E976C8 /* HMAC-sha1.h */,
				B23A30E928606FEA00E976C8 /* HMAC-sha1.m */,
			);
			path = Hash;
			sourceTree = "<group>";
		};
		B23A30F128615FF800E976C8 /* TDOAuth */ = {
			isa = PBXGroup;
			children = (
				B23A30F528616C6C00E976C8 /* OMGHTTPURLRQ */,
				B23A30F22861602800E976C8 /* TDOAuth.h */,
				B23A30F32861602800E976C8 /* TDOAuth.m */,
			);
			path = TDOAuth;
			sourceTree = "<group>";
		};
		B23A30F528616C6C00E976C8 /* OMGHTTPURLRQ */ = {
			isa = PBXGroup;
			children = (
				B23A30F628616CD300E976C8 /* OMGUserAgent.h */,
				B23A30F728616CD300E976C8 /* OMGUserAgent.m */,
			);
			path = OMGHTTPURLRQ;
			sourceTree = "<group>";
		};
		B23A30F928616E1100E976C8 /* OAuth1.0 */ = {
			isa = PBXGroup;
			children = (
				B23A30FA28616E3300E976C8 /* UserAgent */,
				B23A30FE28616E8F00E976C8 /* OAuth.h */,
				B23A30FF28616E8F00E976C8 /* OAuth.m */,
			);
			path = OAuth1.0;
			sourceTree = "<group>";
		};
		B23A30FA28616E3300E976C8 /* UserAgent */ = {
			isa = PBXGroup;
			children = (
				B23A30FB28616E4800E976C8 /* UserAgent.h */,
				B23A30FC28616E4800E976C8 /* UserAgent.m */,
			);
			path = UserAgent;
			sourceTree = "<group>";
		};
		B23A310428619F6E00E976C8 /* Handlers */ = {
			isa = PBXGroup;
			children = (
				B23A310828619FE700E976C8 /* LoginHandler.h */,
				B23A310928619FE700E976C8 /* LoginHandler.m */,
			);
			path = Handlers;
			sourceTree = "<group>";
		};
		B2410885286020BD005B08BC /* Utilities */ = {
			isa = PBXGroup;
			children = (
				B2CBAC762884409E0052C1D3 /* Reachability */,
				B2CBAC622883FD850052C1D3 /* DataController */,
				B221556B287BFDF300F2A074 /* AsyncUploader */,
				B2E6CD0E287AA748005F3F2D /* MXParallaxHeader */,
				B2CAD58428742F3A007AAE9B /* XMLReader */,
				B2CAD5762873DACE007AAE9B /* ImageManager */,
				B2BF06CE28702B8E002F4B1B /* AccountManager */,
				B2F6987A286B247100CA596B /* AsyncFetcher */,
				B2F69874286B219C00CA596B /* Scope */,
				B2F69873286B219600CA596B /* Defer */,
				B2CED18C2864609C00606615 /* ImageURLBuilder */,
				B23A30F928616E1100E976C8 /* OAuth1.0 */,
				B23A30F128615FF800E976C8 /* TDOAuth */,
				B23A30EB286070C000E976C8 /* Hash */,
			);
			path = Utilities;
			sourceTree = "<group>";
		};
		B2410886286020C4005B08BC /* Extensions */ = {
			isa = PBXGroup;
			children = (
				B23A30DE2860573400E976C8 /* UIView+Additions.h */,
				B23A30DF2860573400E976C8 /* UIView+Additions.m */,
				B23A30ED28607FCB00E976C8 /* NSString+Additions.h */,
				B23A30EE28607FCB00E976C8 /* NSString+Additions.m */,
				B2BF06D228702D4B002F4B1B /* NSUserDefaults+Additions.h */,
				B2BF06D328702D4B002F4B1B /* NSUserDefaults+Additions.m */,
				B277DAE82872C9C900EEEBCB /* NSDate+Additions.h */,
				B277DAE92872C9C900EEEBCB /* NSDate+Additions.m */,
				B2CAD57D2873DBFC007AAE9B /* UIImageView+Additions.h */,
				B2CAD57E2873DBFC007AAE9B /* UIImageView+Additions.m */,
				B2CAD58E28744A04007AAE9B /* UIImage+Additions.h */,
				B2CAD58F28744A04007AAE9B /* UIImage+Additions.m */,
				B2CAD58B28744867007AAE9B /* UISegmentedControl+Additions.h */,
				B2CAD58C28744867007AAE9B /* UISegmentedControl+Additions.m */,
			);
			path = Extensions;
			sourceTree = "<group>";
		};
		B241088928602120005B08BC /* Login */ = {
			isa = PBXGroup;
			children = (
				B23A310428619F6E00E976C8 /* Handlers */,
				B241088A2860215F005B08BC /* Views */,
				B23A30BF286047EF00E976C8 /* LoginViewController.h */,
				B23A30C0286047EF00E976C8 /* LoginViewController.m */,
			);
			path = Login;
			sourceTree = "<group>";
		};
		B241088A2860215F005B08BC /* Views */ = {
			isa = PBXGroup;
			children = (
			);
			path = Views;
			sourceTree = "<group>";
		};
		B26447C4286950A200D09C10 /* Layouts */ = {
			isa = PBXGroup;
			children = (
				B26447C6286950AF00D09C10 /* DynamicLayout */,
				B26447C5286950A700D09C10 /* FixedLayout */,
			);
			path = Layouts;
			sourceTree = "<group>";
		};
		B26447C5286950A700D09C10 /* FixedLayout */ = {
			isa = PBXGroup;
			children = (
				B26447CD2869541800D09C10 /* FixedFlowLayout.h */,
				B26447CE2869541800D09C10 /* FixedFlowLayout.m */,
			);
			path = FixedLayout;
			sourceTree = "<group>";
		};
		B26447C6286950AF00D09C10 /* DynamicLayout */ = {
			isa = PBXGroup;
			children = (
				B26447C72869510100D09C10 /* DynamicSizeCalculator.h */,
				B26447C82869510100D09C10 /* DynamicSizeCalculator.m */,
				B26447CA2869521C00D09C10 /* DynamicCollectionViewLayout.h */,
				B26447CB2869521C00D09C10 /* DynamicCollectionViewLayout.m */,
			);
			path = DynamicLayout;
			sourceTree = "<group>";
		};
		B26447DC286977B500D09C10 /* Handlers */ = {
			isa = PBXGroup;
			children = (
				B2001FB528698AD6002EB17F /* PopularPhotoManager.h */,
				B2001FB628698AD6002EB17F /* PopularPhotoManager.m */,
			);
			path = Handlers;
			sourceTree = "<group>";
		};
		B29CBB422859D2B20058B382 = {
			isa = PBXGroup;
			children = (
				B29CBB4D2859D2B20058B382 /* FlickrImageViewer */,
				B29CBB692859D2B60058B382 /* FlickrImageViewerTests */,
				B29CBB732859D2B60058B382 /* FlickrImageViewerUITests */,
				B29CBB4C2859D2B20058B382 /* Products */,
			);
			sourceTree = "<group>";
		};
		B29CBB4C2859D2B20058B382 /* Products */ = {
			isa = PBXGroup;
			children = (
				B29CBB4B2859D2B20058B382 /* FlickrImageViewer.app */,
				B29CBB662859D2B60058B382 /* FlickrImageViewerTests.xctest */,
				B29CBB702859D2B60058B382 /* FlickrImageViewerUITests.xctest */,
			);
			name = Products;
			sourceTree = "<group>";
		};
		B29CBB4D2859D2B20058B382 /* FlickrImageViewer */ = {
			isa = PBXGroup;
			children = (
				B29CBB832859D3270058B382 /* Models */,
				B29CBB842859D32F0058B382 /* Common */,
				B29CBB862859D33B0058B382 /* Application */,
				B29CBB852859D3350058B382 /* Resources */,
				B29CBB5F2859D2B60058B382 /* Info.plist */,
			);
			path = FlickrImageViewer;
			sourceTree = "<group>";
		};
		B29CBB692859D2B60058B382 /* FlickrImageViewerTests */ = {
			isa = PBXGroup;
			children = (
				B29CBB6A2859D2B60058B382 /* FlickrImageViewerTests.m */,
			);
			path = FlickrImageViewerTests;
			sourceTree = "<group>";
		};
		B29CBB732859D2B60058B382 /* FlickrImageViewerUITests */ = {
			isa = PBXGroup;
			children = (
				B29CBB742859D2B60058B382 /* FlickrImageViewerUITests.m */,
				B29CBB762859D2B60058B382 /* FlickrImageViewerUITestsLaunchTests.m */,
			);
			path = FlickrImageViewerUITests;
			sourceTree = "<group>";
		};
		B29CBB832859D3270058B382 /* Models */ = {
			isa = PBXGroup;
			children = (
				B2CBAC402883F2900052C1D3 /* CoreData */,
				B2A10BFB286EA16D001189EE /* Photo.h */,
				B2A10BFC286EA16D001189EE /* Photo.m */,
				B2BF06DB28703AFF002F4B1B /* User.h */,
				B2BF06DC28703AFF002F4B1B /* User.m */,
				B277DAD32872929300EEEBCB /* AlbumInfo.h */,
				B277DAD42872929300EEEBCB /* AlbumInfo.m */,
				B2CAD5912875589D007AAE9B /* PhotoForUpload.h */,
				B2CAD5922875589D007AAE9B /* PhotoForUpload.m */,
				B2CBAC412883F3000052C1D3 /* FlickrImageViewer.xcdatamodeld */,
			);
			path = Models;
			sourceTree = "<group>";
		};
		B29CBB842859D32F0058B382 /* Common */ = {
			isa = PBXGroup;
			children = (
				B26447C4286950A200D09C10 /* Layouts */,
				B2CED18228635C5400606615 /* ViewComponents */,
				B23A30E62860623400E976C8 /* Constants */,
				B2410886286020C4005B08BC /* Extensions */,
				B2410885286020BD005B08BC /* Utilities */,
			);
			path = Common;
			sourceTree = "<group>";
		};
		B29CBB852859D3350058B382 /* Resources */ = {
			isa = PBXGroup;
			children = (
				B29CBB572859D2B20058B382 /* Main.storyboard */,
				B29CBB5A2859D2B60058B382 /* Assets.xcassets */,
				B29CBB5C2859D2B60058B382 /* LaunchScreen.storyboard */,
			);
			path = Resources;
			sourceTree = "<group>";
		};
		B29CBB862859D33B0058B382 /* Application */ = {
			isa = PBXGroup;
			children = (
				B2CBAC66288400B50052C1D3 /* DataContext */,
				B23A30CB28604BB400E976C8 /* Error */,
				B23A30CD28604F0700E976C8 /* Home */,
				B241088928602120005B08BC /* Login */,
				B29CBB872859D36B0058B382 /* Main */,
			);
			path = Application;
			sourceTree = "<group>";
		};
		B29CBB872859D36B0058B382 /* Main */ = {
			isa = PBXGroup;
			children = (
				B29CBB4E2859D2B20058B382 /* AppDelegate.h */,
				B29CBB4F2859D2B20058B382 /* AppDelegate.m */,
				B29CBB602859D2B60058B382 /* main.m */,
			);
			path = Main;
			sourceTree = "<group>";
		};
		B2A10BF3286D4B9F001189EE /* SubViewControllers */ = {
			isa = PBXGroup;
			children = (
				B2BF06E228709765002F4B1B /* DataSource */,
				B2A10BEA286D4A7E001189EE /* PublicPhotosViewController.h */,
				B2A10BEB286D4A7E001189EE /* PublicPhotosViewController.m */,
				B2A10BED286D4A9E001189EE /* AlbumViewController.h */,
				B2A10BEE286D4A9E001189EE /* AlbumViewController.m */,
				B277DAD92872A57100EEEBCB /* AlbumDetailViewController.h */,
				B277DADA2872A57100EEEBCB /* AlbumDetailViewController.m */,
				B2A10BF0286D4B92001189EE /* HeaderViewController.h */,
				B2A10BF1286D4B92001189EE /* HeaderViewController.m */,
			);
			path = SubViewControllers;
			sourceTree = "<group>";
		};
		B2A10BF7286EA01B001189EE /* Handlers */ = {
			isa = PBXGroup;
			children = (
				B2BF06C8286ED052002F4B1B /* PublicPhotoManager.h */,
				B2BF06C9286ED052002F4B1B /* PublicPhotoManager.m */,
				B2A10BF8286EA038001189EE /* UserProfileManager.h */,
				B2A10BF9286EA038001189EE /* UserProfileManager.m */,
				B277DAE22872B6AF00EEEBCB /* AlbumDetailPhotoManager.h */,
				B277DAE32872B6AF00EEEBCB /* AlbumDetailPhotoManager.m */,
				B277DAE52872B6C000EEEBCB /* AlbumInfoManager.h */,
				B277DAE62872B6C000EEEBCB /* AlbumInfoManager.m */,
			);
			path = Handlers;
			sourceTree = "<group>";
		};
		B2B096BA2880263E009A4E75 /* ViewModels */ = {
			isa = PBXGroup;
			children = (
				B2B096BB28802661009A4E75 /* GalleryViewModel.h */,
				B2B096BC28802661009A4E75 /* GalleryViewModel.m */,
			);
			path = ViewModels;
			sourceTree = "<group>";
		};
		B2B096C528814A1A009A4E75 /* SSSnackbar */ = {
			isa = PBXGroup;
			children = (
				B2B096C628814EB5009A4E75 /* SSSnackbar.h */,
				B2B096C728814EB5009A4E75 /* SSSnackbar.m */,
			);
			path = SSSnackbar;
			sourceTree = "<group>";
		};
		B2BF06CE28702B8E002F4B1B /* AccountManager */ = {
			isa = PBXGroup;
			children = (
				B2BF06CF28702BA7002F4B1B /* AccountManager.h */,
				B2BF06D028702BA7002F4B1B /* AccountManager.m */,
			);
			path = AccountManager;
			sourceTree = "<group>";
		};
		B2BF06DE28708D7E002F4B1B /* DataSource */ = {
			isa = PBXGroup;
			children = (
				B2BF06DF28708DD6002F4B1B /* PopularPhotoDataSource.h */,
				B2BF06E028708DD6002F4B1B /* PopularPhotoDataSource.m */,
			);
			path = DataSource;
			sourceTree = "<group>";
		};
		B2BF06E228709765002F4B1B /* DataSource */ = {
			isa = PBXGroup;
			children = (
				B2BF06E32870980E002F4B1B /* PublicPhotoDataSource.h */,
				B2BF06E42870980E002F4B1B /* PublicPhotoDataSource.m */,
				B277DAD62872A35900EEEBCB /* AlbumInfoDataSource.h */,
				B277DAD72872A35900EEEBCB /* AlbumInfoDataSource.m */,
				B277DADC2872A5D400EEEBCB /* AlbumDetailDataSource.h */,
				B277DADD2872A5D500EEEBCB /* AlbumDetailDataSource.m */,
			);
			path = DataSource;
			sourceTree = "<group>";
		};
		B2CAD5762873DACE007AAE9B /* ImageManager */ = {
			isa = PBXGroup;
			children = (
				B2CAD5772873DADF007AAE9B /* ImageManager.h */,
				B2CAD5782873DADF007AAE9B /* ImageManager.m */,
			);
			path = ImageManager;
			sourceTree = "<group>";
		};
		B2CAD5802873E832007AAE9B /* Handlers */ = {
			isa = PBXGroup;
			children = (
				B2CAD5812873E844007AAE9B /* UploadPhotoManager.h */,
				B2CAD5822873E844007AAE9B /* UploadPhotoManager.m */,
				B20A5C612875970500F692C7 /* GalleryManager.h */,
				B20A5C622875970500F692C7 /* GalleryManager.m */,
			);
			path = Handlers;
			sourceTree = "<group>";
		};
		B2CAD58428742F3A007AAE9B /* XMLReader */ = {
			isa = PBXGroup;
			children = (
				B2CAD58528742F4C007AAE9B /* XMLReader.h */,
				B2CAD58628742F4C007AAE9B /* XMLReader.m */,
			);
			path = XMLReader;
			sourceTree = "<group>";
		};
		B2CBAC402883F2900052C1D3 /* CoreData */ = {
			isa = PBXGroup;
			children = (
				B2FA062728856A3300024DD2 /* Album+CoreDataProperties.h */,
				B2FA062828856A3300024DD2 /* Album+CoreDataClass.h */,
				B2FA062928856A3300024DD2 /* Album+CoreDataClass.m */,
				B2FA062A28856A3300024DD2 /* Album+CoreDataProperties.m */,
				B2FA061B288559B400024DD2 /* AlbumPhoto+CoreDataProperties.h */,
				B2FA061C288559B400024DD2 /* AlbumPhoto+CoreDataClass.h */,
				B2FA061D288559B400024DD2 /* AlbumPhoto+CoreDataClass.m */,
				B2FA061E288559B400024DD2 /* AlbumPhoto+CoreDataProperties.m */,
				B2CBAC7A288516110052C1D3 /* PublicPhoto+CoreDataProperties.h */,
				B2CBAC7B288516110052C1D3 /* PublicPhoto+CoreDataClass.h */,
				B2CBAC7C288516110052C1D3 /* PublicPhoto+CoreDataClass.m */,
				B2CBAC7D288516110052C1D3 /* PublicPhoto+CoreDataProperties.m */,
				B2CBAC7E288516110052C1D3 /* PopularPhoto+CoreDataProperties.h */,
				B2CBAC7F288516110052C1D3 /* PopularPhoto+CoreDataClass.h */,
				B2CBAC80288516110052C1D3 /* PopularPhoto+CoreDataClass.m */,
				B2CBAC81288516110052C1D3 /* PopularPhoto+CoreDataProperties.m */,
				B2CBAC70288408CA0052C1D3 /* UserInfo+CoreDataProperties.h */,
				B2CBAC71288408CA0052C1D3 /* UserInfo+CoreDataClass.h */,
				B2CBAC72288408CA0052C1D3 /* UserInfo+CoreDataClass.m */,
				B2CBAC73288408CA0052C1D3 /* UserInfo+CoreDataProperties.m */,
			);
			path = CoreData;
			sourceTree = "<group>";
		};
		B2CBAC622883FD850052C1D3 /* DataController */ = {
			isa = PBXGroup;
			children = (
				B2CBAC632883FFEE0052C1D3 /* DataController.h */,
				B2CBAC642883FFEE0052C1D3 /* DataController.m */,
			);
			path = DataController;
			sourceTree = "<group>";
		};
		B2CBAC66288400B50052C1D3 /* DataContext */ = {
			isa = PBXGroup;
			children = (
				B2CBAC67288400C40052C1D3 /* DataContext.h */,
				B2CBAC68288400C40052C1D3 /* DataContext.m */,
			);
			path = DataContext;
			sourceTree = "<group>";
		};
		B2CBAC762884409E0052C1D3 /* Reachability */ = {
			isa = PBXGroup;
			children = (
				B2CBAC77288440BB0052C1D3 /* Reachability.h */,
				B2CBAC78288440BB0052C1D3 /* Reachability.m */,
			);
			path = Reachability;
			sourceTree = "<group>";
		};
		B2CED18228635C5400606615 /* ViewComponents */ = {
			isa = PBXGroup;
			children = (
				B2B096C528814A1A009A4E75 /* SSSnackbar */,
				B2CED18328635C6200606615 /* Buttons */,
			);
			path = ViewComponents;
			sourceTree = "<group>";
		};
		B2CED18328635C6200606615 /* Buttons */ = {
			isa = PBXGroup;
			children = (
				B2CED18428635C7900606615 /* LoadingButton.h */,
				B2CED18528635C7900606615 /* LoadingButton.m */,
			);
			path = Buttons;
			sourceTree = "<group>";
		};
		B2CED18C2864609C00606615 /* ImageURLBuilder */ = {
			isa = PBXGroup;
			children = (
				B2CED18D286460AE00606615 /* ImageURLBuilder.h */,
				B2CED18E286460AE00606615 /* ImageURLBuilder.m */,
			);
			path = ImageURLBuilder;
			sourceTree = "<group>";
		};
		B2D7F58F2866E2C6008A2805 /* UserProfile */ = {
			isa = PBXGroup;
			children = (
				B2A10BF7286EA01B001189EE /* Handlers */,
				B2A10BF3286D4B9F001189EE /* SubViewControllers */,
				B2D7F5902866E2CE008A2805 /* Views */,
				B2D7F5912866E2E3008A2805 /* UserProfileViewController.h */,
				B2D7F5922866E2E3008A2805 /* UserProfileViewController.m */,
				B2A10BF4286D5095001189EE /* UserProfileConstants.h */,
				B2E6CD18287AB928005F3F2D /* ParallaxViewController.h */,
				B2E6CD19287AB928005F3F2D /* ParallaxViewController.m */,
			);
			path = UserProfile;
			sourceTree = "<group>";
		};
		B2D7F5902866E2CE008A2805 /* Views */ = {
			isa = PBXGroup;
			children = (
				B2BF06CB286ED968002F4B1B /* PublicPhotoCollectionViewCell.h */,
				B2BF06CC286ED968002F4B1B /* PublicPhotoCollectionViewCell.m */,
				B277DAD02872867E00EEEBCB /* AlbumInfoCollectionViewCell.h */,
				B277DAD12872867E00EEEBCB /* AlbumInfoCollectionViewCell.m */,
				B277DADF2872A5F200EEEBCB /* AlbumDetailCollectionViewCell.h */,
				B277DAE02872A5F200EEEBCB /* AlbumDetailCollectionViewCell.m */,
			);
			path = Views;
			sourceTree = "<group>";
		};
		B2E6CD0E287AA748005F3F2D /* MXParallaxHeader */ = {
			isa = PBXGroup;
			children = (
				B2E6CD0F287AA770005F3F2D /* MXParallaxHeader.h */,
				B2E6CD10287AA770005F3F2D /* MXParallaxHeader.m */,
				B2E6CD12287AB1A5005F3F2D /* MXScrollView.h */,
				B2E6CD13287AB1A5005F3F2D /* MXScrollView.m */,
				B2E6CD15287AB1D7005F3F2D /* MXScrollViewController.h */,
				B2E6CD16287AB1D8005F3F2D /* MXScrollViewController.m */,
			);
			path = MXParallaxHeader;
			sourceTree = "<group>";
		};
		B2E6CD1B287B0266005F3F2D /* ViewModels */ = {
			isa = PBXGroup;
			children = (
				B2E6CD1C287B0493005F3F2D /* PopularPhotoViewModel.h */,
				B2E6CD1D287B0493005F3F2D /* PopularPhotoViewModel.m */,
			);
			path = ViewModels;
			sourceTree = "<group>";
		};
		B2F69873286B219600CA596B /* Defer */ = {
			isa = PBXGroup;
			children = (
				B2F69879286B22BE00CA596B /* Defer.h */,
			);
			path = Defer;
			sourceTree = "<group>";
		};
		B2F69874286B219C00CA596B /* Scope */ = {
			isa = PBXGroup;
			children = (
				B2F69875286B224400CA596B /* Scope.h */,
				B2F69876286B224400CA596B /* Scope.m */,
				B2F69878286B225500CA596B /* metamacros.h */,
			);
			path = Scope;
			sourceTree = "<group>";
		};
		B2F6987A286B247100CA596B /* AsyncFetcher */ = {
			isa = PBXGroup;
			children = (
				B2F6987E286B25C300CA596B /* Operation */,
				B2F6987B286B24D200CA596B /* AsyncImageFetcher.h */,
				B2F6987C286B24D200CA596B /* AsyncImageFetcher.m */,
			);
			path = AsyncFetcher;
			sourceTree = "<group>";
		};
		B2F6987E286B25C300CA596B /* Operation */ = {
			isa = PBXGroup;
			children = (
				B2F6987F286B25DB00CA596B /* AsyncImageFetcherOperation.h */,
				B2F69880286B25DB00CA596B /* AsyncImageFetcherOperation.m */,
			);
			path = Operation;
			sourceTree = "<group>";
		};
/* End PBXGroup section */

/* Begin PBXNativeTarget section */
		B29CBB4A2859D2B20058B382 /* FlickrImageViewer */ = {
			isa = PBXNativeTarget;
			buildConfigurationList = B29CBB7A2859D2B60058B382 /* Build configuration list for PBXNativeTarget "FlickrImageViewer" */;
			buildPhases = (
				B29CBB472859D2B20058B382 /* Sources */,
				B29CBB482859D2B20058B382 /* Frameworks */,
				B29CBB492859D2B20058B382 /* Resources */,
			);
			buildRules = (
			);
			dependencies = (
			);
			name = FlickrImageViewer;
			productName = FlickrImageViewer;
			productReference = B29CBB4B2859D2B20058B382 /* FlickrImageViewer.app */;
			productType = "com.apple.product-type.application";
		};
		B29CBB652859D2B60058B382 /* FlickrImageViewerTests */ = {
			isa = PBXNativeTarget;
			buildConfigurationList = B29CBB7D2859D2B60058B382 /* Build configuration list for PBXNativeTarget "FlickrImageViewerTests" */;
			buildPhases = (
				B29CBB622859D2B60058B382 /* Sources */,
				B29CBB632859D2B60058B382 /* Frameworks */,
				B29CBB642859D2B60058B382 /* Resources */,
			);
			buildRules = (
			);
			dependencies = (
				B29CBB682859D2B60058B382 /* PBXTargetDependency */,
			);
			name = FlickrImageViewerTests;
			productName = FlickrImageViewerTests;
			productReference = B29CBB662859D2B60058B382 /* FlickrImageViewerTests.xctest */;
			productType = "com.apple.product-type.bundle.unit-test";
		};
		B29CBB6F2859D2B60058B382 /* FlickrImageViewerUITests */ = {
			isa = PBXNativeTarget;
			buildConfigurationList = B29CBB802859D2B60058B382 /* Build configuration list for PBXNativeTarget "FlickrImageViewerUITests" */;
			buildPhases = (
				B29CBB6C2859D2B60058B382 /* Sources */,
				B29CBB6D2859D2B60058B382 /* Frameworks */,
				B29CBB6E2859D2B60058B382 /* Resources */,
			);
			buildRules = (
			);
			dependencies = (
				B29CBB722859D2B60058B382 /* PBXTargetDependency */,
			);
			name = FlickrImageViewerUITests;
			productName = FlickrImageViewerUITests;
			productReference = B29CBB702859D2B60058B382 /* FlickrImageViewerUITests.xctest */;
			productType = "com.apple.product-type.bundle.ui-testing";
		};
/* End PBXNativeTarget section */

/* Begin PBXProject section */
		B29CBB432859D2B20058B382 /* Project object */ = {
			isa = PBXProject;
			attributes = {
				BuildIndependentTargetsInParallel = 1;
				LastUpgradeCheck = 1330;
				TargetAttributes = {
					B29CBB4A2859D2B20058B382 = {
						CreatedOnToolsVersion = 13.3.1;
					};
					B29CBB652859D2B60058B382 = {
						CreatedOnToolsVersion = 13.3.1;
						TestTargetID = B29CBB4A2859D2B20058B382;
					};
					B29CBB6F2859D2B60058B382 = {
						CreatedOnToolsVersion = 13.3.1;
						TestTargetID = B29CBB4A2859D2B20058B382;
					};
				};
			};
			buildConfigurationList = B29CBB462859D2B20058B382 /* Build configuration list for PBXProject "FlickrImageViewer" */;
			compatibilityVersion = "Xcode 13.0";
			developmentRegion = en;
			hasScannedForEncodings = 0;
			knownRegions = (
				en,
				Base,
			);
			mainGroup = B29CBB422859D2B20058B382;
			productRefGroup = B29CBB4C2859D2B20058B382 /* Products */;
			projectDirPath = "";
			projectRoot = "";
			targets = (
				B29CBB4A2859D2B20058B382 /* FlickrImageViewer */,
				B29CBB652859D2B60058B382 /* FlickrImageViewerTests */,
				B29CBB6F2859D2B60058B382 /* FlickrImageViewerUITests */,
			);
		};
/* End PBXProject section */

/* Begin PBXResourcesBuildPhase section */
		B29CBB492859D2B20058B382 /* Resources */ = {
			isa = PBXResourcesBuildPhase;
			buildActionMask = 2147483647;
			files = (
				B29CBB5E2859D2B60058B382 /* LaunchScreen.storyboard in Resources */,
				B29CBB5B2859D2B60058B382 /* Assets.xcassets in Resources */,
				B29CBB592859D2B20058B382 /* Main.storyboard in Resources */,
			);
			runOnlyForDeploymentPostprocessing = 0;
		};
		B29CBB642859D2B60058B382 /* Resources */ = {
			isa = PBXResourcesBuildPhase;
			buildActionMask = 2147483647;
			files = (
			);
			runOnlyForDeploymentPostprocessing = 0;
		};
		B29CBB6E2859D2B60058B382 /* Resources */ = {
			isa = PBXResourcesBuildPhase;
			buildActionMask = 2147483647;
			files = (
			);
			runOnlyForDeploymentPostprocessing = 0;
		};
/* End PBXResourcesBuildPhase section */

/* Begin PBXSourcesBuildPhase section */
		B29CBB472859D2B20058B382 /* Sources */ = {
			isa = PBXSourcesBuildPhase;
			buildActionMask = 2147483647;
			files = (
				B2001FB728698AD6002EB17F /* PopularPhotoManager.m in Sources */,
				B26447C92869510100D09C10 /* DynamicSizeCalculator.m in Sources */,
				B20A5C632875970500F692C7 /* GalleryManager.m in Sources */,
				B2CAD57F2873DBFC007AAE9B /* UIImageView+Additions.m in Sources */,
				B2BF06CD286ED968002F4B1B /* PublicPhotoCollectionViewCell.m in Sources */,
				B2FA062C28856A3300024DD2 /* Album+CoreDataProperties.m in Sources */,
				B2B096BD28802661009A4E75 /* GalleryViewModel.m in Sources */,
				B2F69896286C3B0200CA596B /* NoDataErrorViewController.m in Sources */,
				B23A30E02860573400E976C8 /* UIView+Additions.m in Sources */,
				B277DAE42872B6B000EEEBCB /* AlbumDetailPhotoManager.m in Sources */,
				B277DAD52872929300EEEBCB /* AlbumInfo.m in Sources */,
				B2A10BFA286EA038001189EE /* UserProfileManager.m in Sources */,
				B20A5C6C2877DBD200F692C7 /* RemainingPhotosNumberCollectionViewCell.m in Sources */,
				B2E6CD1E287B0494005F3F2D /* PopularPhotoViewModel.m in Sources */,
				B2CAD5932875589D007AAE9B /* PhotoForUpload.m in Sources */,
				B2E6CD0D2878245D005F3F2D /* AlbumPickerViewController.m in Sources */,
				B2F69899286C3B0F00CA596B /* ServerErrorViewController.m in Sources */,
				B2BF06DD28703AFF002F4B1B /* User.m in Sources */,
				B23A30DC2860508E00E976C8 /* UploadViewController.m in Sources */,
				B26447CF2869541800D09C10 /* FixedFlowLayout.m in Sources */,
				B23A30F828616CD300E976C8 /* OMGUserAgent.m in Sources */,
				B2D7F5932866E2E3008A2805 /* UserProfileViewController.m in Sources */,
				B2A10BFD286EA16D001189EE /* Photo.m in Sources */,
				B2F6987D286B24D200CA596B /* AsyncImageFetcher.m in Sources */,
				B23A30CA28604B9D00E976C8 /* PopularViewController.m in Sources */,
				B2E6CD14287AB1A5005F3F2D /* MXScrollView.m in Sources */,
				B2CAD59028744A04007AAE9B /* UIImage+Additions.m in Sources */,
				B2B096C828814EB5009A4E75 /* SSSnackbar.m in Sources */,
				B2CAD5792873DADF007AAE9B /* ImageManager.m in Sources */,
				B2BF06E128708DD6002F4B1B /* PopularPhotoDataSource.m in Sources */,
				B2E6CD17287AB1D8005F3F2D /* MXScrollViewController.m in Sources */,
				B2BF06E52870980E002F4B1B /* PublicPhotoDataSource.m in Sources */,
				B2CAD5832873E844007AAE9B /* UploadPhotoManager.m in Sources */,
				B2FA0623288559B400024DD2 /* AlbumPhoto+CoreDataClass.m in Sources */,
				B23A310A28619FE700E976C8 /* LoginHandler.m in Sources */,
				B2CAD58728742F4C007AAE9B /* XMLReader.m in Sources */,
				B2FA0624288559B400024DD2 /* AlbumPhoto+CoreDataProperties.m in Sources */,
				B277DAD22872867E00EEEBCB /* AlbumInfoCollectionViewCell.m in Sources */,
				B277DAE72872B6C000EEEBCB /* AlbumInfoManager.m in Sources */,
				B23A30EF28607FCB00E976C8 /* NSString+Additions.m in Sources */,
				B277DADB2872A57100EEEBCB /* AlbumDetailViewController.m in Sources */,
				B2CED18628635C7900606615 /* LoadingButton.m in Sources */,
				B2CBAC652883FFEE0052C1D3 /* DataController.m in Sources */,
				B277DAEA2872C9C900EEEBCB /* NSDate+Additions.m in Sources */,
				B23A30FD28616E4800E976C8 /* UserAgent.m in Sources */,
				B2BF06D128702BA7002F4B1B /* AccountManager.m in Sources */,
				B29CBB502859D2B20058B382 /* AppDelegate.m in Sources */,
				B20A5C60287593C900F692C7 /* GalleryDataSource.m in Sources */,
				B2CBAC82288516110052C1D3 /* PublicPhoto+CoreDataClass.m in Sources */,
				B2A10BEC286D4A7E001189EE /* PublicPhotosViewController.m in Sources */,
				B20A5C662876C68200F692C7 /* PermissionErrorViewController.m in Sources */,
				B277DAE12872A5F200EEEBCB /* AlbumDetailCollectionViewCell.m in Sources */,
				B277DAD82872A35900EEEBCB /* AlbumInfoDataSource.m in Sources */,
				B2BF06D428702D4B002F4B1B /* NSUserDefaults+Additions.m in Sources */,
				B2CBAC83288516110052C1D3 /* PublicPhoto+CoreDataProperties.m in Sources */,
				B2CBAC84288516110052C1D3 /* PopularPhoto+CoreDataClass.m in Sources */,
				B2891798287FBED800AE87B1 /* UploadTask.m in Sources */,
				B2CBAC69288400C40052C1D3 /* DataContext.m in Sources */,
				B2CBAC79288440BB0052C1D3 /* Reachability.m in Sources */,
				B2CED18F286460AE00606615 /* ImageURLBuilder.m in Sources */,
				B2CAD58D28744867007AAE9B /* UISegmentedControl+Additions.m in Sources */,
				B2A10BEF286D4A9E001189EE /* AlbumViewController.m in Sources */,
				B2F69877286B224400CA596B /* Scope.m in Sources */,
				B2CBAC74288408CA0052C1D3 /* UserInfo+CoreDataClass.m in Sources */,
				B2F69881286B25DB00CA596B /* AsyncImageFetcherOperation.m in Sources */,
				B277DADE2872A5D500EEEBCB /* AlbumDetailDataSource.m in Sources */,
				B29CBB612859D2B60058B382 /* main.m in Sources */,
				B23A30F42861602800E976C8 /* TDOAuth.m in Sources */,
				B20A5C692877D4B100F692C7 /* TitleTextField.m in Sources */,
				B23A30D428604FC700E976C8 /* HomeViewController.m in Sources */,
				B2FA062B28856A3300024DD2 /* Album+CoreDataClass.m in Sources */,
				B2001FBA2869B247002EB17F /* PopularPhotoCollectionViewCell.m in Sources */,
				B2A10BF2286D4B92001189EE /* HeaderViewController.m in Sources */,
				B23A30EA28606FEA00E976C8 /* HMAC-sha1.m in Sources */,
				B23A310028616E8F00E976C8 /* OAuth.m in Sources */,
				B26447CC2869521C00D09C10 /* DynamicCollectionViewLayout.m in Sources */,
				B20A5C592875743400F692C7 /* UploadPostViewController.m in Sources */,
				B23A30C1286047EF00E976C8 /* LoginViewController.m in Sources */,
				B2BF06CA286ED052002F4B1B /* PublicPhotoManager.m in Sources */,
				B2F69893286C3AF400CA596B /* NetworkErrorViewController.m in Sources */,
				B2E6CD1A287AB928005F3F2D /* ParallaxViewController.m in Sources */,
				B289179B287FC64800AE87B1 /* UploadInfo.m in Sources */,
				B2E6CD0A287821C1005F3F2D /* DescriptionTextField.m in Sources */,
				B2215570287C0E8B00F2A074 /* UploadNetworking.m in Sources */,
				B2E6CD11287AA770005F3F2D /* MXParallaxHeader.m in Sources */,
				B2CBAC85288516110052C1D3 /* PopularPhoto+CoreDataProperties.m in Sources */,
				B2CBAC432883F3000052C1D3 /* FlickrImageViewer.xcdatamodeld in Sources */,
				B2CBAC75288408CA0052C1D3 /* UserInfo+CoreDataProperties.m in Sources */,
				B20A5C5C2875918400F692C7 /* GalleryCollectionViewCell.m in Sources */,
			);
			runOnlyForDeploymentPostprocessing = 0;
		};
		B29CBB622859D2B60058B382 /* Sources */ = {
			isa = PBXSourcesBuildPhase;
			buildActionMask = 2147483647;
			files = (
				B29CBB6B2859D2B60058B382 /* FlickrImageViewerTests.m in Sources */,
			);
			runOnlyForDeploymentPostprocessing = 0;
		};
		B29CBB6C2859D2B60058B382 /* Sources */ = {
			isa = PBXSourcesBuildPhase;
			buildActionMask = 2147483647;
			files = (
				B29CBB752859D2B60058B382 /* FlickrImageViewerUITests.m in Sources */,
				B29CBB772859D2B60058B382 /* FlickrImageViewerUITestsLaunchTests.m in Sources */,
			);
			runOnlyForDeploymentPostprocessing = 0;
		};
/* End PBXSourcesBuildPhase section */

/* Begin PBXTargetDependency section */
		B29CBB682859D2B60058B382 /* PBXTargetDependency */ = {
			isa = PBXTargetDependency;
			target = B29CBB4A2859D2B20058B382 /* FlickrImageViewer */;
			targetProxy = B29CBB672859D2B60058B382 /* PBXContainerItemProxy */;
		};
		B29CBB722859D2B60058B382 /* PBXTargetDependency */ = {
			isa = PBXTargetDependency;
			target = B29CBB4A2859D2B20058B382 /* FlickrImageViewer */;
			targetProxy = B29CBB712859D2B60058B382 /* PBXContainerItemProxy */;
		};
/* End PBXTargetDependency section */

/* Begin PBXVariantGroup section */
		B29CBB572859D2B20058B382 /* Main.storyboard */ = {
			isa = PBXVariantGroup;
			children = (
				B29CBB582859D2B20058B382 /* Base */,
			);
			name = Main.storyboard;
			sourceTree = "<group>";
		};
		B29CBB5C2859D2B60058B382 /* LaunchScreen.storyboard */ = {
			isa = PBXVariantGroup;
			children = (
				B29CBB5D2859D2B60058B382 /* Base */,
			);
			name = LaunchScreen.storyboard;
			sourceTree = "<group>";
		};
/* End PBXVariantGroup section */

/* Begin XCBuildConfiguration section */
		B29CBB782859D2B60058B382 /* Debug */ = {
			isa = XCBuildConfiguration;
			buildSettings = {
				ALWAYS_SEARCH_USER_PATHS = NO;
				CLANG_ANALYZER_NONNULL = YES;
				CLANG_ANALYZER_NUMBER_OBJECT_CONVERSION = YES_AGGRESSIVE;
				CLANG_CXX_LANGUAGE_STANDARD = "gnu++17";
				CLANG_ENABLE_MODULES = YES;
				CLANG_ENABLE_OBJC_ARC = YES;
				CLANG_ENABLE_OBJC_WEAK = YES;
				CLANG_WARN_BLOCK_CAPTURE_AUTORELEASING = YES;
				CLANG_WARN_BOOL_CONVERSION = YES;
				CLANG_WARN_COMMA = YES;
				CLANG_WARN_CONSTANT_CONVERSION = YES;
				CLANG_WARN_DEPRECATED_OBJC_IMPLEMENTATIONS = YES;
				CLANG_WARN_DIRECT_OBJC_ISA_USAGE = YES_ERROR;
				CLANG_WARN_DOCUMENTATION_COMMENTS = YES;
				CLANG_WARN_EMPTY_BODY = YES;
				CLANG_WARN_ENUM_CONVERSION = YES;
				CLANG_WARN_INFINITE_RECURSION = YES;
				CLANG_WARN_INT_CONVERSION = YES;
				CLANG_WARN_NON_LITERAL_NULL_CONVERSION = YES;
				CLANG_WARN_OBJC_IMPLICIT_RETAIN_SELF = YES;
				CLANG_WARN_OBJC_LITERAL_CONVERSION = YES;
				CLANG_WARN_OBJC_ROOT_CLASS = YES_ERROR;
				CLANG_WARN_QUOTED_INCLUDE_IN_FRAMEWORK_HEADER = YES;
				CLANG_WARN_RANGE_LOOP_ANALYSIS = YES;
				CLANG_WARN_STRICT_PROTOTYPES = YES;
				CLANG_WARN_SUSPICIOUS_MOVE = YES;
				CLANG_WARN_UNGUARDED_AVAILABILITY = YES_AGGRESSIVE;
				CLANG_WARN_UNREACHABLE_CODE = YES;
				CLANG_WARN__DUPLICATE_METHOD_MATCH = YES;
				COPY_PHASE_STRIP = NO;
				DEBUG_INFORMATION_FORMAT = dwarf;
				ENABLE_STRICT_OBJC_MSGSEND = YES;
				ENABLE_TESTABILITY = YES;
				GCC_C_LANGUAGE_STANDARD = gnu11;
				GCC_DYNAMIC_NO_PIC = NO;
				GCC_NO_COMMON_BLOCKS = YES;
				GCC_OPTIMIZATION_LEVEL = 0;
				GCC_PREPROCESSOR_DEFINITIONS = (
					"DEBUG=1",
					"$(inherited)",
				);
				GCC_WARN_64_TO_32_BIT_CONVERSION = YES;
				GCC_WARN_ABOUT_RETURN_TYPE = YES_ERROR;
				GCC_WARN_UNDECLARED_SELECTOR = YES;
				GCC_WARN_UNINITIALIZED_AUTOS = YES_AGGRESSIVE;
				GCC_WARN_UNUSED_FUNCTION = YES;
				GCC_WARN_UNUSED_VARIABLE = YES;
				IPHONEOS_DEPLOYMENT_TARGET = 15.4;
				MTL_ENABLE_DEBUG_INFO = INCLUDE_SOURCE;
				MTL_FAST_MATH = YES;
				ONLY_ACTIVE_ARCH = YES;
				SDKROOT = iphoneos;
			};
			name = Debug;
		};
		B29CBB792859D2B60058B382 /* Release */ = {
			isa = XCBuildConfiguration;
			buildSettings = {
				ALWAYS_SEARCH_USER_PATHS = NO;
				CLANG_ANALYZER_NONNULL = YES;
				CLANG_ANALYZER_NUMBER_OBJECT_CONVERSION = YES_AGGRESSIVE;
				CLANG_CXX_LANGUAGE_STANDARD = "gnu++17";
				CLANG_ENABLE_MODULES = YES;
				CLANG_ENABLE_OBJC_ARC = YES;
				CLANG_ENABLE_OBJC_WEAK = YES;
				CLANG_WARN_BLOCK_CAPTURE_AUTORELEASING = YES;
				CLANG_WARN_BOOL_CONVERSION = YES;
				CLANG_WARN_COMMA = YES;
				CLANG_WARN_CONSTANT_CONVERSION = YES;
				CLANG_WARN_DEPRECATED_OBJC_IMPLEMENTATIONS = YES;
				CLANG_WARN_DIRECT_OBJC_ISA_USAGE = YES_ERROR;
				CLANG_WARN_DOCUMENTATION_COMMENTS = YES;
				CLANG_WARN_EMPTY_BODY = YES;
				CLANG_WARN_ENUM_CONVERSION = YES;
				CLANG_WARN_INFINITE_RECURSION = YES;
				CLANG_WARN_INT_CONVERSION = YES;
				CLANG_WARN_NON_LITERAL_NULL_CONVERSION = YES;
				CLANG_WARN_OBJC_IMPLICIT_RETAIN_SELF = YES;
				CLANG_WARN_OBJC_LITERAL_CONVERSION = YES;
				CLANG_WARN_OBJC_ROOT_CLASS = YES_ERROR;
				CLANG_WARN_QUOTED_INCLUDE_IN_FRAMEWORK_HEADER = YES;
				CLANG_WARN_RANGE_LOOP_ANALYSIS = YES;
				CLANG_WARN_STRICT_PROTOTYPES = YES;
				CLANG_WARN_SUSPICIOUS_MOVE = YES;
				CLANG_WARN_UNGUARDED_AVAILABILITY = YES_AGGRESSIVE;
				CLANG_WARN_UNREACHABLE_CODE = YES;
				CLANG_WARN__DUPLICATE_METHOD_MATCH = YES;
				COPY_PHASE_STRIP = NO;
				DEBUG_INFORMATION_FORMAT = "dwarf-with-dsym";
				ENABLE_NS_ASSERTIONS = NO;
				ENABLE_STRICT_OBJC_MSGSEND = YES;
				GCC_C_LANGUAGE_STANDARD = gnu11;
				GCC_NO_COMMON_BLOCKS = YES;
				GCC_WARN_64_TO_32_BIT_CONVERSION = YES;
				GCC_WARN_ABOUT_RETURN_TYPE = YES_ERROR;
				GCC_WARN_UNDECLARED_SELECTOR = YES;
				GCC_WARN_UNINITIALIZED_AUTOS = YES_AGGRESSIVE;
				GCC_WARN_UNUSED_FUNCTION = YES;
				GCC_WARN_UNUSED_VARIABLE = YES;
				IPHONEOS_DEPLOYMENT_TARGET = 15.4;
				MTL_ENABLE_DEBUG_INFO = NO;
				MTL_FAST_MATH = YES;
				SDKROOT = iphoneos;
				VALIDATE_PRODUCT = YES;
			};
			name = Release;
		};
		B29CBB7B2859D2B60058B382 /* Debug */ = {
			isa = XCBuildConfiguration;
			buildSettings = {
				ASSETCATALOG_COMPILER_APPICON_NAME = AppIcon;
				ASSETCATALOG_COMPILER_GLOBAL_ACCENT_COLOR_NAME = AccentColor;
				CODE_SIGN_STYLE = Automatic;
				CURRENT_PROJECT_VERSION = 1;
				GENERATE_INFOPLIST_FILE = YES;
				INFOPLIST_FILE = FlickrImageViewer/Info.plist;
				INFOPLIST_KEY_UIApplicationSupportsIndirectInputEvents = YES;
				INFOPLIST_KEY_UILaunchStoryboardName = LaunchScreen;
				INFOPLIST_KEY_UISupportedInterfaceOrientations_iPad = "UIInterfaceOrientationPortrait UIInterfaceOrientationPortraitUpsideDown UIInterfaceOrientationLandscapeLeft UIInterfaceOrientationLandscapeRight";
				INFOPLIST_KEY_UISupportedInterfaceOrientations_iPhone = "UIInterfaceOrientationPortrait UIInterfaceOrientationLandscapeLeft UIInterfaceOrientationLandscapeRight";
				LD_RUNPATH_SEARCH_PATHS = (
					"$(inherited)",
					"@executable_path/Frameworks",
				);
				MARKETING_VERSION = 1.0;
				PRODUCT_BUNDLE_IDENTIFIER = vn.vng.duongvc.FlickrImageViewer;
				PRODUCT_NAME = "$(TARGET_NAME)";
				SWIFT_EMIT_LOC_STRINGS = YES;
				TARGETED_DEVICE_FAMILY = "1,2";
			};
			name = Debug;
		};
		B29CBB7C2859D2B60058B382 /* Release */ = {
			isa = XCBuildConfiguration;
			buildSettings = {
				ASSETCATALOG_COMPILER_APPICON_NAME = AppIcon;
				ASSETCATALOG_COMPILER_GLOBAL_ACCENT_COLOR_NAME = AccentColor;
				CODE_SIGN_STYLE = Automatic;
				CURRENT_PROJECT_VERSION = 1;
				GENERATE_INFOPLIST_FILE = YES;
				INFOPLIST_FILE = FlickrImageViewer/Info.plist;
				INFOPLIST_KEY_UIApplicationSupportsIndirectInputEvents = YES;
				INFOPLIST_KEY_UILaunchStoryboardName = LaunchScreen;
				INFOPLIST_KEY_UISupportedInterfaceOrientations_iPad = "UIInterfaceOrientationPortrait UIInterfaceOrientationPortraitUpsideDown UIInterfaceOrientationLandscapeLeft UIInterfaceOrientationLandscapeRight";
				INFOPLIST_KEY_UISupportedInterfaceOrientations_iPhone = "UIInterfaceOrientationPortrait UIInterfaceOrientationLandscapeLeft UIInterfaceOrientationLandscapeRight";
				LD_RUNPATH_SEARCH_PATHS = (
					"$(inherited)",
					"@executable_path/Frameworks",
				);
				MARKETING_VERSION = 1.0;
				PRODUCT_BUNDLE_IDENTIFIER = vn.vng.duongvc.FlickrImageViewer;
				PRODUCT_NAME = "$(TARGET_NAME)";
				SWIFT_EMIT_LOC_STRINGS = YES;
				TARGETED_DEVICE_FAMILY = "1,2";
			};
			name = Release;
		};
		B29CBB7E2859D2B60058B382 /* Debug */ = {
			isa = XCBuildConfiguration;
			buildSettings = {
				BUNDLE_LOADER = "$(TEST_HOST)";
				CODE_SIGN_STYLE = Automatic;
				CURRENT_PROJECT_VERSION = 1;
				GENERATE_INFOPLIST_FILE = YES;
				IPHONEOS_DEPLOYMENT_TARGET = 15.4;
				MARKETING_VERSION = 1.0;
				PRODUCT_BUNDLE_IDENTIFIER = vn.vng.duongvc.FlickrImageViewerTests;
				PRODUCT_NAME = "$(TARGET_NAME)";
				SWIFT_EMIT_LOC_STRINGS = NO;
				TARGETED_DEVICE_FAMILY = "1,2";
				TEST_HOST = "$(BUILT_PRODUCTS_DIR)/FlickrImageViewer.app/FlickrImageViewer";
			};
			name = Debug;
		};
		B29CBB7F2859D2B60058B382 /* Release */ = {
			isa = XCBuildConfiguration;
			buildSettings = {
				BUNDLE_LOADER = "$(TEST_HOST)";
				CODE_SIGN_STYLE = Automatic;
				CURRENT_PROJECT_VERSION = 1;
				GENERATE_INFOPLIST_FILE = YES;
				IPHONEOS_DEPLOYMENT_TARGET = 15.4;
				MARKETING_VERSION = 1.0;
				PRODUCT_BUNDLE_IDENTIFIER = vn.vng.duongvc.FlickrImageViewerTests;
				PRODUCT_NAME = "$(TARGET_NAME)";
				SWIFT_EMIT_LOC_STRINGS = NO;
				TARGETED_DEVICE_FAMILY = "1,2";
				TEST_HOST = "$(BUILT_PRODUCTS_DIR)/FlickrImageViewer.app/FlickrImageViewer";
			};
			name = Release;
		};
		B29CBB812859D2B60058B382 /* Debug */ = {
			isa = XCBuildConfiguration;
			buildSettings = {
				CODE_SIGN_STYLE = Automatic;
				CURRENT_PROJECT_VERSION = 1;
				GENERATE_INFOPLIST_FILE = YES;
				MARKETING_VERSION = 1.0;
				PRODUCT_BUNDLE_IDENTIFIER = vn.vng.duongvc.FlickrImageViewerUITests;
				PRODUCT_NAME = "$(TARGET_NAME)";
				SWIFT_EMIT_LOC_STRINGS = NO;
				TARGETED_DEVICE_FAMILY = "1,2";
				TEST_TARGET_NAME = FlickrImageViewer;
			};
			name = Debug;
		};
		B29CBB822859D2B60058B382 /* Release */ = {
			isa = XCBuildConfiguration;
			buildSettings = {
				CODE_SIGN_STYLE = Automatic;
				CURRENT_PROJECT_VERSION = 1;
				GENERATE_INFOPLIST_FILE = YES;
				MARKETING_VERSION = 1.0;
				PRODUCT_BUNDLE_IDENTIFIER = vn.vng.duongvc.FlickrImageViewerUITests;
				PRODUCT_NAME = "$(TARGET_NAME)";
				SWIFT_EMIT_LOC_STRINGS = NO;
				TARGETED_DEVICE_FAMILY = "1,2";
				TEST_TARGET_NAME = FlickrImageViewer;
			};
			name = Release;
		};
		B2B096B62880093B009A4E75 /* Profile */ = {
			isa = XCBuildConfiguration;
			buildSettings = {
				ALWAYS_SEARCH_USER_PATHS = NO;
				CLANG_ANALYZER_NONNULL = YES;
				CLANG_ANALYZER_NUMBER_OBJECT_CONVERSION = YES_AGGRESSIVE;
				CLANG_CXX_LANGUAGE_STANDARD = "gnu++17";
				CLANG_ENABLE_MODULES = YES;
				CLANG_ENABLE_OBJC_ARC = YES;
				CLANG_ENABLE_OBJC_WEAK = YES;
				CLANG_WARN_BLOCK_CAPTURE_AUTORELEASING = YES;
				CLANG_WARN_BOOL_CONVERSION = YES;
				CLANG_WARN_COMMA = YES;
				CLANG_WARN_CONSTANT_CONVERSION = YES;
				CLANG_WARN_DEPRECATED_OBJC_IMPLEMENTATIONS = YES;
				CLANG_WARN_DIRECT_OBJC_ISA_USAGE = YES_ERROR;
				CLANG_WARN_DOCUMENTATION_COMMENTS = YES;
				CLANG_WARN_EMPTY_BODY = YES;
				CLANG_WARN_ENUM_CONVERSION = YES;
				CLANG_WARN_INFINITE_RECURSION = YES;
				CLANG_WARN_INT_CONVERSION = YES;
				CLANG_WARN_NON_LITERAL_NULL_CONVERSION = YES;
				CLANG_WARN_OBJC_IMPLICIT_RETAIN_SELF = YES;
				CLANG_WARN_OBJC_LITERAL_CONVERSION = YES;
				CLANG_WARN_OBJC_ROOT_CLASS = YES_ERROR;
				CLANG_WARN_QUOTED_INCLUDE_IN_FRAMEWORK_HEADER = YES;
				CLANG_WARN_RANGE_LOOP_ANALYSIS = YES;
				CLANG_WARN_STRICT_PROTOTYPES = YES;
				CLANG_WARN_SUSPICIOUS_MOVE = YES;
				CLANG_WARN_UNGUARDED_AVAILABILITY = YES_AGGRESSIVE;
				CLANG_WARN_UNREACHABLE_CODE = YES;
				CLANG_WARN__DUPLICATE_METHOD_MATCH = YES;
				CODE_SIGN_IDENTITY = "iPhone Developer";
				COPY_PHASE_STRIP = NO;
				DEBUG_INFORMATION_FORMAT = "dwarf-with-dsym";
				ENABLE_NS_ASSERTIONS = NO;
				ENABLE_STRICT_OBJC_MSGSEND = YES;
				GCC_C_LANGUAGE_STANDARD = gnu11;
				GCC_NO_COMMON_BLOCKS = YES;
				GCC_WARN_64_TO_32_BIT_CONVERSION = YES;
				GCC_WARN_ABOUT_RETURN_TYPE = YES_ERROR;
				GCC_WARN_UNDECLARED_SELECTOR = YES;
				GCC_WARN_UNINITIALIZED_AUTOS = YES_AGGRESSIVE;
				GCC_WARN_UNUSED_FUNCTION = YES;
				GCC_WARN_UNUSED_VARIABLE = YES;
				IPHONEOS_DEPLOYMENT_TARGET = 15.4;
				MTL_ENABLE_DEBUG_INFO = NO;
				MTL_FAST_MATH = YES;
				SDKROOT = iphoneos;
				VALIDATE_PRODUCT = YES;
			};
			name = Profile;
		};
		B2B096B72880093B009A4E75 /* Profile */ = {
			isa = XCBuildConfiguration;
			buildSettings = {
				ASSETCATALOG_COMPILER_APPICON_NAME = AppIcon;
				ASSETCATALOG_COMPILER_GLOBAL_ACCENT_COLOR_NAME = AccentColor;
				CODE_SIGN_ENTITLEMENTS = FlickrImageViewer/FlickrImageViewerProfile.entitlements;
				CODE_SIGN_STYLE = Automatic;
				CURRENT_PROJECT_VERSION = 1;
				GENERATE_INFOPLIST_FILE = YES;
				INFOPLIST_FILE = FlickrImageViewer/Info.plist;
				INFOPLIST_KEY_UIApplicationSupportsIndirectInputEvents = YES;
				INFOPLIST_KEY_UILaunchStoryboardName = LaunchScreen;
				INFOPLIST_KEY_UISupportedInterfaceOrientations_iPad = "UIInterfaceOrientationPortrait UIInterfaceOrientationPortraitUpsideDown UIInterfaceOrientationLandscapeLeft UIInterfaceOrientationLandscapeRight";
				INFOPLIST_KEY_UISupportedInterfaceOrientations_iPhone = "UIInterfaceOrientationPortrait UIInterfaceOrientationLandscapeLeft UIInterfaceOrientationLandscapeRight";
				LD_RUNPATH_SEARCH_PATHS = (
					"$(inherited)",
					"@executable_path/Frameworks",
				);
				MARKETING_VERSION = 1.0;
				PRODUCT_BUNDLE_IDENTIFIER = vn.vng.duongvc.FlickrImageViewer;
				PRODUCT_NAME = "$(TARGET_NAME)";
				SWIFT_EMIT_LOC_STRINGS = YES;
				TARGETED_DEVICE_FAMILY = "1,2";
			};
			name = Profile;
		};
		B2B096B82880093B009A4E75 /* Profile */ = {
			isa = XCBuildConfiguration;
			buildSettings = {
				BUNDLE_LOADER = "$(TEST_HOST)";
				CODE_SIGN_STYLE = Automatic;
				CURRENT_PROJECT_VERSION = 1;
				GENERATE_INFOPLIST_FILE = YES;
				IPHONEOS_DEPLOYMENT_TARGET = 15.4;
				MARKETING_VERSION = 1.0;
				PRODUCT_BUNDLE_IDENTIFIER = vn.vng.duongvc.FlickrImageViewerTests;
				PRODUCT_NAME = "$(TARGET_NAME)";
				SWIFT_EMIT_LOC_STRINGS = NO;
				TARGETED_DEVICE_FAMILY = "1,2";
				TEST_HOST = "$(BUILT_PRODUCTS_DIR)/FlickrImageViewer.app/FlickrImageViewer";
			};
			name = Profile;
		};
		B2B096B92880093B009A4E75 /* Profile */ = {
			isa = XCBuildConfiguration;
			buildSettings = {
				CODE_SIGN_STYLE = Automatic;
				CURRENT_PROJECT_VERSION = 1;
				GENERATE_INFOPLIST_FILE = YES;
				MARKETING_VERSION = 1.0;
				PRODUCT_BUNDLE_IDENTIFIER = vn.vng.duongvc.FlickrImageViewerUITests;
				PRODUCT_NAME = "$(TARGET_NAME)";
				SWIFT_EMIT_LOC_STRINGS = NO;
				TARGETED_DEVICE_FAMILY = "1,2";
				TEST_TARGET_NAME = FlickrImageViewer;
			};
			name = Profile;
		};
/* End XCBuildConfiguration section */

/* Begin XCConfigurationList section */
		B29CBB462859D2B20058B382 /* Build configuration list for PBXProject "FlickrImageViewer" */ = {
			isa = XCConfigurationList;
			buildConfigurations = (
				B29CBB782859D2B60058B382 /* Debug */,
				B29CBB792859D2B60058B382 /* Release */,
				B2B096B62880093B009A4E75 /* Profile */,
			);
			defaultConfigurationIsVisible = 0;
			defaultConfigurationName = Release;
		};
		B29CBB7A2859D2B60058B382 /* Build configuration list for PBXNativeTarget "FlickrImageViewer" */ = {
			isa = XCConfigurationList;
			buildConfigurations = (
				B29CBB7B2859D2B60058B382 /* Debug */,
				B29CBB7C2859D2B60058B382 /* Release */,
				B2B096B72880093B009A4E75 /* Profile */,
			);
			defaultConfigurationIsVisible = 0;
			defaultConfigurationName = Release;
		};
		B29CBB7D2859D2B60058B382 /* Build configuration list for PBXNativeTarget "FlickrImageViewerTests" */ = {
			isa = XCConfigurationList;
			buildConfigurations = (
				B29CBB7E2859D2B60058B382 /* Debug */,
				B29CBB7F2859D2B60058B382 /* Release */,
				B2B096B82880093B009A4E75 /* Profile */,
			);
			defaultConfigurationIsVisible = 0;
			defaultConfigurationName = Release;
		};
		B29CBB802859D2B60058B382 /* Build configuration list for PBXNativeTarget "FlickrImageViewerUITests" */ = {
			isa = XCConfigurationList;
			buildConfigurations = (
				B29CBB812859D2B60058B382 /* Debug */,
				B29CBB822859D2B60058B382 /* Release */,
				B2B096B92880093B009A4E75 /* Profile */,
			);
			defaultConfigurationIsVisible = 0;
			defaultConfigurationName = Release;
		};
/* End XCConfigurationList section */

/* Begin XCVersionGroup section */
		B2CBAC412883F3000052C1D3 /* FlickrImageViewer.xcdatamodeld */ = {
			isa = XCVersionGroup;
			children = (
				B2CBAC422883F3000052C1D3 /* FlickrImageViewer.xcdatamodel */,
			);
			currentVersion = B2CBAC422883F3000052C1D3 /* FlickrImageViewer.xcdatamodel */;
			path = FlickrImageViewer.xcdatamodeld;
			sourceTree = "<group>";
			versionGroupType = wrapper.xcdatamodel;
		};
/* End XCVersionGroup section */
	};
	rootObject = B29CBB432859D2B20058B382 /* Project object */;
}
