// !$*UTF8*$!
{
	archiveVersion = 1;
	classes = {
	};
	objectVersion = 55;
	objects = {

/* Begin PBXBuildFile section */
		B23A30C1286047EF00E976C8 /* LoginViewController.m in Sources */ = {isa = PBXBuildFile; fileRef = B23A30C0286047EF00E976C8 /* LoginViewController.m */; };
		B23A30CA28604B9D00E976C8 /* PopularViewController.m in Sources */ = {isa = PBXBuildFile; fileRef = B23A30C928604B9D00E976C8 /* PopularViewController.m */; };
		B23A30D428604FC700E976C8 /* HomeViewController.m in Sources */ = {isa = PBXBuildFile; fileRef = B23A30D328604FC700E976C8 /* HomeViewController.m */; };
		B23A30D92860507F00E976C8 /* ProfileViewController.m in Sources */ = {isa = PBXBuildFile; fileRef = B23A30D82860507F00E976C8 /* ProfileViewController.m */; };
		B23A30DC2860508E00E976C8 /* UploadViewController.m in Sources */ = {isa = PBXBuildFile; fileRef = B23A30DB2860508D00E976C8 /* UploadViewController.m */; };
		B23A30E02860573400E976C8 /* UIView+Additions.m in Sources */ = {isa = PBXBuildFile; fileRef = B23A30DF2860573400E976C8 /* UIView+Additions.m */; };
		B23A30EA28606FEA00E976C8 /* HMAC-sha1.m in Sources */ = {isa = PBXBuildFile; fileRef = B23A30E928606FEA00E976C8 /* HMAC-sha1.m */; };
		B23A30EF28607FCB00E976C8 /* NSString+Additions.m in Sources */ = {isa = PBXBuildFile; fileRef = B23A30EE28607FCB00E976C8 /* NSString+Additions.m */; };
		B23A30F42861602800E976C8 /* TDOAuth.m in Sources */ = {isa = PBXBuildFile; fileRef = B23A30F32861602800E976C8 /* TDOAuth.m */; };
		B23A30F828616CD300E976C8 /* OMGUserAgent.m in Sources */ = {isa = PBXBuildFile; fileRef = B23A30F728616CD300E976C8 /* OMGUserAgent.m */; };
		B23A30FD28616E4800E976C8 /* UserAgent.m in Sources */ = {isa = PBXBuildFile; fileRef = B23A30FC28616E4800E976C8 /* UserAgent.m */; };
		B23A310028616E8F00E976C8 /* OAuth.m in Sources */ = {isa = PBXBuildFile; fileRef = B23A30FF28616E8F00E976C8 /* OAuth.m */; };
		B23A310A28619FE700E976C8 /* LoginHandler.m in Sources */ = {isa = PBXBuildFile; fileRef = B23A310928619FE700E976C8 /* LoginHandler.m */; };
		B29CBB502859D2B20058B382 /* AppDelegate.m in Sources */ = {isa = PBXBuildFile; fileRef = B29CBB4F2859D2B20058B382 /* AppDelegate.m */; };
		B29CBB592859D2B20058B382 /* Main.storyboard in Resources */ = {isa = PBXBuildFile; fileRef = B29CBB572859D2B20058B382 /* Main.storyboard */; };
		B29CBB5B2859D2B60058B382 /* Assets.xcassets in Resources */ = {isa = PBXBuildFile; fileRef = B29CBB5A2859D2B60058B382 /* Assets.xcassets */; };
		B29CBB5E2859D2B60058B382 /* LaunchScreen.storyboard in Resources */ = {isa = PBXBuildFile; fileRef = B29CBB5C2859D2B60058B382 /* LaunchScreen.storyboard */; };
		B29CBB612859D2B60058B382 /* main.m in Sources */ = {isa = PBXBuildFile; fileRef = B29CBB602859D2B60058B382 /* main.m */; };
		B29CBB6B2859D2B60058B382 /* FlickrImageViewerTests.m in Sources */ = {isa = PBXBuildFile; fileRef = B29CBB6A2859D2B60058B382 /* FlickrImageViewerTests.m */; };
		B29CBB752859D2B60058B382 /* FlickrImageViewerUITests.m in Sources */ = {isa = PBXBuildFile; fileRef = B29CBB742859D2B60058B382 /* FlickrImageViewerUITests.m */; };
		B29CBB772859D2B60058B382 /* FlickrImageViewerUITestsLaunchTests.m in Sources */ = {isa = PBXBuildFile; fileRef = B29CBB762859D2B60058B382 /* FlickrImageViewerUITestsLaunchTests.m */; };
		B2CED17C2862F57A00606615 /* RootViewController.m in Sources */ = {isa = PBXBuildFile; fileRef = B2CED17B2862F57A00606615 /* RootViewController.m */; };
		B2CED1812863069600606615 /* SplashViewController.m in Sources */ = {isa = PBXBuildFile; fileRef = B2CED1802863069600606615 /* SplashViewController.m */; };
		B2CED18628635C7900606615 /* LoadingButton.m in Sources */ = {isa = PBXBuildFile; fileRef = B2CED18528635C7900606615 /* LoadingButton.m */; };
		B2CED18F286460AE00606615 /* ImageURLBuilder.m in Sources */ = {isa = PBXBuildFile; fileRef = B2CED18E286460AE00606615 /* ImageURLBuilder.m */; };
/* End PBXBuildFile section */

/* Begin PBXContainerItemProxy section */
		B29CBB672859D2B60058B382 /* PBXContainerItemProxy */ = {
			isa = PBXContainerItemProxy;
			containerPortal = B29CBB432859D2B20058B382 /* Project object */;
			proxyType = 1;
			remoteGlobalIDString = B29CBB4A2859D2B20058B382;
			remoteInfo = FlickrImageViewer;
		};
		B29CBB712859D2B60058B382 /* PBXContainerItemProxy */ = {
			isa = PBXContainerItemProxy;
			containerPortal = B29CBB432859D2B20058B382 /* Project object */;
			proxyType = 1;
			remoteGlobalIDString = B29CBB4A2859D2B20058B382;
			remoteInfo = FlickrImageViewer;
		};
/* End PBXContainerItemProxy section */

/* Begin PBXFileReference section */
		B23A30BF286047EF00E976C8 /* LoginViewController.h */ = {isa = PBXFileReference; lastKnownFileType = sourcecode.c.h; path = LoginViewController.h; sourceTree = "<group>"; };
		B23A30C0286047EF00E976C8 /* LoginViewController.m */ = {isa = PBXFileReference; lastKnownFileType = sourcecode.c.objc; path = LoginViewController.m; sourceTree = "<group>"; };
		B23A30C828604B9D00E976C8 /* PopularViewController.h */ = {isa = PBXFileReference; lastKnownFileType = sourcecode.c.h; path = PopularViewController.h; sourceTree = "<group>"; };
		B23A30C928604B9D00E976C8 /* PopularViewController.m */ = {isa = PBXFileReference; lastKnownFileType = sourcecode.c.objc; path = PopularViewController.m; sourceTree = "<group>"; };
		B23A30D228604FC700E976C8 /* HomeViewController.h */ = {isa = PBXFileReference; lastKnownFileType = sourcecode.c.h; path = HomeViewController.h; sourceTree = "<group>"; };
		B23A30D328604FC700E976C8 /* HomeViewController.m */ = {isa = PBXFileReference; lastKnownFileType = sourcecode.c.objc; path = HomeViewController.m; sourceTree = "<group>"; };
		B23A30D72860507F00E976C8 /* ProfileViewController.h */ = {isa = PBXFileReference; lastKnownFileType = sourcecode.c.h; path = ProfileViewController.h; sourceTree = "<group>"; };
		B23A30D82860507F00E976C8 /* ProfileViewController.m */ = {isa = PBXFileReference; lastKnownFileType = sourcecode.c.objc; path = ProfileViewController.m; sourceTree = "<group>"; };
		B23A30DA2860508D00E976C8 /* UploadViewController.h */ = {isa = PBXFileReference; lastKnownFileType = sourcecode.c.h; path = UploadViewController.h; sourceTree = "<group>"; };
		B23A30DB2860508D00E976C8 /* UploadViewController.m */ = {isa = PBXFileReference; lastKnownFileType = sourcecode.c.objc; path = UploadViewController.m; sourceTree = "<group>"; };
		B23A30DE2860573400E976C8 /* UIView+Additions.h */ = {isa = PBXFileReference; lastKnownFileType = sourcecode.c.h; path = "UIView+Additions.h"; sourceTree = "<group>"; };
		B23A30DF2860573400E976C8 /* UIView+Additions.m */ = {isa = PBXFileReference; lastKnownFileType = sourcecode.c.objc; path = "UIView+Additions.m"; sourceTree = "<group>"; };
		B23A30E72860624600E976C8 /* Constants.h */ = {isa = PBXFileReference; lastKnownFileType = sourcecode.c.h; path = Constants.h; sourceTree = "<group>"; };
		B23A30E828606FEA00E976C8 /* HMAC-sha1.h */ = {isa = PBXFileReference; lastKnownFileType = sourcecode.c.h; path = "HMAC-sha1.h"; sourceTree = "<group>"; };
		B23A30E928606FEA00E976C8 /* HMAC-sha1.m */ = {isa = PBXFileReference; lastKnownFileType = sourcecode.c.objc; path = "HMAC-sha1.m"; sourceTree = "<group>"; };
		B23A30ED28607FCB00E976C8 /* NSString+Additions.h */ = {isa = PBXFileReference; lastKnownFileType = sourcecode.c.h; path = "NSString+Additions.h"; sourceTree = "<group>"; };
		B23A30EE28607FCB00E976C8 /* NSString+Additions.m */ = {isa = PBXFileReference; lastKnownFileType = sourcecode.c.objc; path = "NSString+Additions.m"; sourceTree = "<group>"; };
		B23A30F22861602800E976C8 /* TDOAuth.h */ = {isa = PBXFileReference; lastKnownFileType = sourcecode.c.h; path = TDOAuth.h; sourceTree = "<group>"; };
		B23A30F32861602800E976C8 /* TDOAuth.m */ = {isa = PBXFileReference; lastKnownFileType = sourcecode.c.objc; path = TDOAuth.m; sourceTree = "<group>"; };
		B23A30F628616CD300E976C8 /* OMGUserAgent.h */ = {isa = PBXFileReference; lastKnownFileType = sourcecode.c.h; path = OMGUserAgent.h; sourceTree = "<group>"; };
		B23A30F728616CD300E976C8 /* OMGUserAgent.m */ = {isa = PBXFileReference; lastKnownFileType = sourcecode.c.objc; path = OMGUserAgent.m; sourceTree = "<group>"; };
		B23A30FB28616E4800E976C8 /* UserAgent.h */ = {isa = PBXFileReference; lastKnownFileType = sourcecode.c.h; path = UserAgent.h; sourceTree = "<group>"; };
		B23A30FC28616E4800E976C8 /* UserAgent.m */ = {isa = PBXFileReference; lastKnownFileType = sourcecode.c.objc; path = UserAgent.m; sourceTree = "<group>"; };
		B23A30FE28616E8F00E976C8 /* OAuth.h */ = {isa = PBXFileReference; lastKnownFileType = sourcecode.c.h; path = OAuth.h; sourceTree = "<group>"; };
		B23A30FF28616E8F00E976C8 /* OAuth.m */ = {isa = PBXFileReference; lastKnownFileType = sourcecode.c.objc; path = OAuth.m; sourceTree = "<group>"; };
		B23A310828619FE700E976C8 /* LoginHandler.h */ = {isa = PBXFileReference; lastKnownFileType = sourcecode.c.h; path = LoginHandler.h; sourceTree = "<group>"; };
		B23A310928619FE700E976C8 /* LoginHandler.m */ = {isa = PBXFileReference; lastKnownFileType = sourcecode.c.objc; path = LoginHandler.m; sourceTree = "<group>"; };
		B29CBB4B2859D2B20058B382 /* FlickrImageViewer.app */ = {isa = PBXFileReference; explicitFileType = wrapper.application; includeInIndex = 0; path = FlickrImageViewer.app; sourceTree = BUILT_PRODUCTS_DIR; };
		B29CBB4E2859D2B20058B382 /* AppDelegate.h */ = {isa = PBXFileReference; lastKnownFileType = sourcecode.c.h; path = AppDelegate.h; sourceTree = "<group>"; };
		B29CBB4F2859D2B20058B382 /* AppDelegate.m */ = {isa = PBXFileReference; lastKnownFileType = sourcecode.c.objc; path = AppDelegate.m; sourceTree = "<group>"; };
		B29CBB582859D2B20058B382 /* Base */ = {isa = PBXFileReference; lastKnownFileType = file.storyboard; name = Base; path = Base.lproj/Main.storyboard; sourceTree = "<group>"; };
		B29CBB5A2859D2B60058B382 /* Assets.xcassets */ = {isa = PBXFileReference; lastKnownFileType = folder.assetcatalog; path = Assets.xcassets; sourceTree = "<group>"; };
		B29CBB5D2859D2B60058B382 /* Base */ = {isa = PBXFileReference; lastKnownFileType = file.storyboard; name = Base; path = Base.lproj/LaunchScreen.storyboard; sourceTree = "<group>"; };
		B29CBB5F2859D2B60058B382 /* Info.plist */ = {isa = PBXFileReference; lastKnownFileType = text.plist.xml; path = Info.plist; sourceTree = "<group>"; };
		B29CBB602859D2B60058B382 /* main.m */ = {isa = PBXFileReference; lastKnownFileType = sourcecode.c.objc; path = main.m; sourceTree = "<group>"; };
		B29CBB662859D2B60058B382 /* FlickrImageViewerTests.xctest */ = {isa = PBXFileReference; explicitFileType = wrapper.cfbundle; includeInIndex = 0; path = FlickrImageViewerTests.xctest; sourceTree = BUILT_PRODUCTS_DIR; };
		B29CBB6A2859D2B60058B382 /* FlickrImageViewerTests.m */ = {isa = PBXFileReference; lastKnownFileType = sourcecode.c.objc; path = FlickrImageViewerTests.m; sourceTree = "<group>"; };
		B29CBB702859D2B60058B382 /* FlickrImageViewerUITests.xctest */ = {isa = PBXFileReference; explicitFileType = wrapper.cfbundle; includeInIndex = 0; path = FlickrImageViewerUITests.xctest; sourceTree = BUILT_PRODUCTS_DIR; };
		B29CBB742859D2B60058B382 /* FlickrImageViewerUITests.m */ = {isa = PBXFileReference; lastKnownFileType = sourcecode.c.objc; path = FlickrImageViewerUITests.m; sourceTree = "<group>"; };
		B29CBB762859D2B60058B382 /* FlickrImageViewerUITestsLaunchTests.m */ = {isa = PBXFileReference; lastKnownFileType = sourcecode.c.objc; path = FlickrImageViewerUITestsLaunchTests.m; sourceTree = "<group>"; };
		B2CED17A2862F57A00606615 /* RootViewController.h */ = {isa = PBXFileReference; lastKnownFileType = sourcecode.c.h; path = RootViewController.h; sourceTree = "<group>"; };
		B2CED17B2862F57A00606615 /* RootViewController.m */ = {isa = PBXFileReference; lastKnownFileType = sourcecode.c.objc; path = RootViewController.m; sourceTree = "<group>"; };
		B2CED17F2863069600606615 /* SplashViewController.h */ = {isa = PBXFileReference; lastKnownFileType = sourcecode.c.h; path = SplashViewController.h; sourceTree = "<group>"; };
		B2CED1802863069600606615 /* SplashViewController.m */ = {isa = PBXFileReference; lastKnownFileType = sourcecode.c.objc; path = SplashViewController.m; sourceTree = "<group>"; };
		B2CED18428635C7900606615 /* LoadingButton.h */ = {isa = PBXFileReference; lastKnownFileType = sourcecode.c.h; path = LoadingButton.h; sourceTree = "<group>"; };
		B2CED18528635C7900606615 /* LoadingButton.m */ = {isa = PBXFileReference; lastKnownFileType = sourcecode.c.objc; path = LoadingButton.m; sourceTree = "<group>"; };
		B2CED18D286460AE00606615 /* ImageURLBuilder.h */ = {isa = PBXFileReference; lastKnownFileType = sourcecode.c.h; path = ImageURLBuilder.h; sourceTree = "<group>"; };
		B2CED18E286460AE00606615 /* ImageURLBuilder.m */ = {isa = PBXFileReference; lastKnownFileType = sourcecode.c.objc; path = ImageURLBuilder.m; sourceTree = "<group>"; };
/* End PBXFileReference section */

/* Begin PBXFrameworksBuildPhase section */
		B29CBB482859D2B20058B382 /* Frameworks */ = {
			isa = PBXFrameworksBuildPhase;
			buildActionMask = 2147483647;
			files = (
			);
			runOnlyForDeploymentPostprocessing = 0;
		};
		B29CBB632859D2B60058B382 /* Frameworks */ = {
			isa = PBXFrameworksBuildPhase;
			buildActionMask = 2147483647;
			files = (
			);
			runOnlyForDeploymentPostprocessing = 0;
		};
		B29CBB6D2859D2B60058B382 /* Frameworks */ = {
			isa = PBXFrameworksBuildPhase;
			buildActionMask = 2147483647;
			files = (
			);
			runOnlyForDeploymentPostprocessing = 0;
		};
/* End PBXFrameworksBuildPhase section */

/* Begin PBXGroup section */
		B23A30C628604B7D00E976C8 /* Popular */ = {
			isa = PBXGroup;
			children = (
				B23A30C728604B8A00E976C8 /* Views */,
				B23A30C828604B9D00E976C8 /* PopularViewController.h */,
				B23A30C928604B9D00E976C8 /* PopularViewController.m */,
			);
			path = Popular;
			sourceTree = "<group>";
		};
		B23A30C728604B8A00E976C8 /* Views */ = {
			isa = PBXGroup;
			children = (
			);
			path = Views;
			sourceTree = "<group>";
		};
		B23A30CB28604BB400E976C8 /* Error */ = {
			isa = PBXGroup;
			children = (
				B23A30CC28604BD800E976C8 /* Views */,
			);
			path = Error;
			sourceTree = "<group>";
		};
		B23A30CC28604BD800E976C8 /* Views */ = {
			isa = PBXGroup;
			children = (
			);
			path = Views;
			sourceTree = "<group>";
		};
		B23A30CD28604F0700E976C8 /* Home */ = {
			isa = PBXGroup;
			children = (
				B23A30C628604B7D00E976C8 /* Popular */,
				B23A30D028604F2000E976C8 /* Profile */,
				B23A30D128604F4000E976C8 /* Upload */,
				B23A30D228604FC700E976C8 /* HomeViewController.h */,
				B23A30D328604FC700E976C8 /* HomeViewController.m */,
			);
			path = Home;
			sourceTree = "<group>";
		};
		B23A30D028604F2000E976C8 /* Profile */ = {
			isa = PBXGroup;
			children = (
				B23A30D52860506100E976C8 /* Views */,
				B23A30D72860507F00E976C8 /* ProfileViewController.h */,
				B23A30D82860507F00E976C8 /* ProfileViewController.m */,
			);
			path = Profile;
			sourceTree = "<group>";
		};
		B23A30D128604F4000E976C8 /* Upload */ = {
			isa = PBXGroup;
			children = (
				B23A30D62860506700E976C8 /* Views */,
				B23A30DA2860508D00E976C8 /* UploadViewController.h */,
				B23A30DB2860508D00E976C8 /* UploadViewController.m */,
			);
			path = Upload;
			sourceTree = "<group>";
		};
		B23A30D52860506100E976C8 /* Views */ = {
			isa = PBXGroup;
			children = (
			);
			path = Views;
			sourceTree = "<group>";
		};
		B23A30D62860506700E976C8 /* Views */ = {
			isa = PBXGroup;
			children = (
			);
			path = Views;
			sourceTree = "<group>";
		};
		B23A30E62860623400E976C8 /* Constants */ = {
			isa = PBXGroup;
			children = (
				B23A30E72860624600E976C8 /* Constants.h */,
			);
			path = Constants;
			sourceTree = "<group>";
		};
		B23A30EB286070C000E976C8 /* Hash */ = {
			isa = PBXGroup;
			children = (
				B23A30E828606FEA00E976C8 /* HMAC-sha1.h */,
				B23A30E928606FEA00E976C8 /* HMAC-sha1.m */,
			);
			path = Hash;
			sourceTree = "<group>";
		};
		B23A30F128615FF800E976C8 /* TDOAuth */ = {
			isa = PBXGroup;
			children = (
				B23A30F528616C6C00E976C8 /* OMGHTTPURLRQ */,
				B23A30F22861602800E976C8 /* TDOAuth.h */,
				B23A30F32861602800E976C8 /* TDOAuth.m */,
			);
			path = TDOAuth;
			sourceTree = "<group>";
		};
		B23A30F528616C6C00E976C8 /* OMGHTTPURLRQ */ = {
			isa = PBXGroup;
			children = (
				B23A30F628616CD300E976C8 /* OMGUserAgent.h */,
				B23A30F728616CD300E976C8 /* OMGUserAgent.m */,
			);
			path = OMGHTTPURLRQ;
			sourceTree = "<group>";
		};
		B23A30F928616E1100E976C8 /* OAuth1.0 */ = {
			isa = PBXGroup;
			children = (
				B23A30FA28616E3300E976C8 /* UserAgent */,
				B23A30FE28616E8F00E976C8 /* OAuth.h */,
				B23A30FF28616E8F00E976C8 /* OAuth.m */,
			);
			path = OAuth1.0;
			sourceTree = "<group>";
		};
		B23A30FA28616E3300E976C8 /* UserAgent */ = {
			isa = PBXGroup;
			children = (
				B23A30FB28616E4800E976C8 /* UserAgent.h */,
				B23A30FC28616E4800E976C8 /* UserAgent.m */,
			);
			path = UserAgent;
			sourceTree = "<group>";
		};
		B23A310428619F6E00E976C8 /* Handlers */ = {
			isa = PBXGroup;
			children = (
				B23A310828619FE700E976C8 /* LoginHandler.h */,
				B23A310928619FE700E976C8 /* LoginHandler.m */,
			);
			path = Handlers;
			sourceTree = "<group>";
		};
		B2410885286020BD005B08BC /* Utilities */ = {
			isa = PBXGroup;
			children = (
				B2CED18C2864609C00606615 /* ImageURLBuilder */,
				B23A30F928616E1100E976C8 /* OAuth1.0 */,
				B23A30F128615FF800E976C8 /* TDOAuth */,
				B23A30EB286070C000E976C8 /* Hash */,
			);
			path = Utilities;
			sourceTree = "<group>";
		};
		B2410886286020C4005B08BC /* Extensions */ = {
			isa = PBXGroup;
			children = (
				B23A30DE2860573400E976C8 /* UIView+Additions.h */,
				B23A30DF2860573400E976C8 /* UIView+Additions.m */,
				B23A30ED28607FCB00E976C8 /* NSString+Additions.h */,
				B23A30EE28607FCB00E976C8 /* NSString+Additions.m */,
			);
			path = Extensions;
			sourceTree = "<group>";
		};
		B241088928602120005B08BC /* Login */ = {
			isa = PBXGroup;
			children = (
				B23A310428619F6E00E976C8 /* Handlers */,
				B241088A2860215F005B08BC /* Views */,
				B23A30BF286047EF00E976C8 /* LoginViewController.h */,
				B23A30C0286047EF00E976C8 /* LoginViewController.m */,
			);
			path = Login;
			sourceTree = "<group>";
		};
		B241088A2860215F005B08BC /* Views */ = {
			isa = PBXGroup;
			children = (
			);
			path = Views;
			sourceTree = "<group>";
		};
		B29CBB422859D2B20058B382 = {
			isa = PBXGroup;
			children = (
				B29CBB4D2859D2B20058B382 /* FlickrImageViewer */,
				B29CBB692859D2B60058B382 /* FlickrImageViewerTests */,
				B29CBB732859D2B60058B382 /* FlickrImageViewerUITests */,
				B29CBB4C2859D2B20058B382 /* Products */,
			);
			sourceTree = "<group>";
		};
		B29CBB4C2859D2B20058B382 /* Products */ = {
			isa = PBXGroup;
			children = (
				B29CBB4B2859D2B20058B382 /* FlickrImageViewer.app */,
				B29CBB662859D2B60058B382 /* FlickrImageViewerTests.xctest */,
				B29CBB702859D2B60058B382 /* FlickrImageViewerUITests.xctest */,
			);
			name = Products;
			sourceTree = "<group>";
		};
		B29CBB4D2859D2B20058B382 /* FlickrImageViewer */ = {
			isa = PBXGroup;
			children = (
				B29CBB832859D3270058B382 /* Models */,
				B29CBB842859D32F0058B382 /* Common */,
				B29CBB862859D33B0058B382 /* Application */,
				B29CBB852859D3350058B382 /* Resources */,
				B29CBB5F2859D2B60058B382 /* Info.plist */,
			);
			path = FlickrImageViewer;
			sourceTree = "<group>";
		};
		B29CBB692859D2B60058B382 /* FlickrImageViewerTests */ = {
			isa = PBXGroup;
			children = (
				B29CBB6A2859D2B60058B382 /* FlickrImageViewerTests.m */,
			);
			path = FlickrImageViewerTests;
			sourceTree = "<group>";
		};
		B29CBB732859D2B60058B382 /* FlickrImageViewerUITests */ = {
			isa = PBXGroup;
			children = (
				B29CBB742859D2B60058B382 /* FlickrImageViewerUITests.m */,
				B29CBB762859D2B60058B382 /* FlickrImageViewerUITestsLaunchTests.m */,
			);
			path = FlickrImageViewerUITests;
			sourceTree = "<group>";
		};
		B29CBB832859D3270058B382 /* Models */ = {
			isa = PBXGroup;
			children = (
			);
			path = Models;
			sourceTree = "<group>";
		};
		B29CBB842859D32F0058B382 /* Common */ = {
			isa = PBXGroup;
			children = (
				B2CED18228635C5400606615 /* ViewComponents */,
				B23A30E62860623400E976C8 /* Constants */,
				B2410886286020C4005B08BC /* Extensions */,
				B2410885286020BD005B08BC /* Utilities */,
			);
			path = Common;
			sourceTree = "<group>";
		};
		B29CBB852859D3350058B382 /* Resources */ = {
			isa = PBXGroup;
			children = (
				B29CBB572859D2B20058B382 /* Main.storyboard */,
				B29CBB5A2859D2B60058B382 /* Assets.xcassets */,
				B29CBB5C2859D2B60058B382 /* LaunchScreen.storyboard */,
			);
			path = Resources;
			sourceTree = "<group>";
		};
		B29CBB862859D33B0058B382 /* Application */ = {
			isa = PBXGroup;
			children = (
				B23A30CB28604BB400E976C8 /* Error */,
				B23A30CD28604F0700E976C8 /* Home */,
				B2CED17E2863036F00606615 /* Splash */,
				B241088928602120005B08BC /* Login */,
				B29CBB872859D36B0058B382 /* Main */,
			);
			path = Application;
			sourceTree = "<group>";
		};
		B29CBB872859D36B0058B382 /* Main */ = {
			isa = PBXGroup;
			children = (
				B29CBB4E2859D2B20058B382 /* AppDelegate.h */,
				B29CBB4F2859D2B20058B382 /* AppDelegate.m */,
				B29CBB602859D2B60058B382 /* main.m */,
				B2CED17A2862F57A00606615 /* RootViewController.h */,
				B2CED17B2862F57A00606615 /* RootViewController.m */,
			);
			path = Main;
			sourceTree = "<group>";
		};
		B2CED17E2863036F00606615 /* Splash */ = {
			isa = PBXGroup;
			children = (
				B2CED17F2863069600606615 /* SplashViewController.h */,
				B2CED1802863069600606615 /* SplashViewController.m */,
			);
			path = Splash;
			sourceTree = "<group>";
		};
		B2CED18228635C5400606615 /* ViewComponents */ = {
			isa = PBXGroup;
			children = (
				B2CED18328635C6200606615 /* Buttons */,
			);
			path = ViewComponents;
			sourceTree = "<group>";
		};
		B2CED18328635C6200606615 /* Buttons */ = {
			isa = PBXGroup;
			children = (
				B2CED18428635C7900606615 /* LoadingButton.h */,
				B2CED18528635C7900606615 /* LoadingButton.m */,
			);
			path = Buttons;
			sourceTree = "<group>";
		};
		B2CED18C2864609C00606615 /* ImageURLBuilder */ = {
			isa = PBXGroup;
			children = (
				B2CED18D286460AE00606615 /* ImageURLBuilder.h */,
				B2CED18E286460AE00606615 /* ImageURLBuilder.m */,
			);
			path = ImageURLBuilder;
			sourceTree = "<group>";
		};
/* End PBXGroup section */

/* Begin PBXNativeTarget section */
		B29CBB4A2859D2B20058B382 /* FlickrImageViewer */ = {
			isa = PBXNativeTarget;
			buildConfigurationList = B29CBB7A2859D2B60058B382 /* Build configuration list for PBXNativeTarget "FlickrImageViewer" */;
			buildPhases = (
				B29CBB472859D2B20058B382 /* Sources */,
				B29CBB482859D2B20058B382 /* Frameworks */,
				B29CBB492859D2B20058B382 /* Resources */,
			);
			buildRules = (
			);
			dependencies = (
			);
			name = FlickrImageViewer;
			productName = FlickrImageViewer;
			productReference = B29CBB4B2859D2B20058B382 /* FlickrImageViewer.app */;
			productType = "com.apple.product-type.application";
		};
		B29CBB652859D2B60058B382 /* FlickrImageViewerTests */ = {
			isa = PBXNativeTarget;
			buildConfigurationList = B29CBB7D2859D2B60058B382 /* Build configuration list for PBXNativeTarget "FlickrImageViewerTests" */;
			buildPhases = (
				B29CBB622859D2B60058B382 /* Sources */,
				B29CBB632859D2B60058B382 /* Frameworks */,
				B29CBB642859D2B60058B382 /* Resources */,
			);
			buildRules = (
			);
			dependencies = (
				B29CBB682859D2B60058B382 /* PBXTargetDependency */,
			);
			name = FlickrImageViewerTests;
			productName = FlickrImageViewerTests;
			productReference = B29CBB662859D2B60058B382 /* FlickrImageViewerTests.xctest */;
			productType = "com.apple.product-type.bundle.unit-test";
		};
		B29CBB6F2859D2B60058B382 /* FlickrImageViewerUITests */ = {
			isa = PBXNativeTarget;
			buildConfigurationList = B29CBB802859D2B60058B382 /* Build configuration list for PBXNativeTarget "FlickrImageViewerUITests" */;
			buildPhases = (
				B29CBB6C2859D2B60058B382 /* Sources */,
				B29CBB6D2859D2B60058B382 /* Frameworks */,
				B29CBB6E2859D2B60058B382 /* Resources */,
			);
			buildRules = (
			);
			dependencies = (
				B29CBB722859D2B60058B382 /* PBXTargetDependency */,
			);
			name = FlickrImageViewerUITests;
			productName = FlickrImageViewerUITests;
			productReference = B29CBB702859D2B60058B382 /* FlickrImageViewerUITests.xctest */;
			productType = "com.apple.product-type.bundle.ui-testing";
		};
/* End PBXNativeTarget section */

/* Begin PBXProject section */
		B29CBB432859D2B20058B382 /* Project object */ = {
			isa = PBXProject;
			attributes = {
				BuildIndependentTargetsInParallel = 1;
				LastUpgradeCheck = 1330;
				TargetAttributes = {
					B29CBB4A2859D2B20058B382 = {
						CreatedOnToolsVersion = 13.3.1;
					};
					B29CBB652859D2B60058B382 = {
						CreatedOnToolsVersion = 13.3.1;
						TestTargetID = B29CBB4A2859D2B20058B382;
					};
					B29CBB6F2859D2B60058B382 = {
						CreatedOnToolsVersion = 13.3.1;
						TestTargetID = B29CBB4A2859D2B20058B382;
					};
				};
			};
			buildConfigurationList = B29CBB462859D2B20058B382 /* Build configuration list for PBXProject "FlickrImageViewer" */;
			compatibilityVersion = "Xcode 13.0";
			developmentRegion = en;
			hasScannedForEncodings = 0;
			knownRegions = (
				en,
				Base,
			);
			mainGroup = B29CBB422859D2B20058B382;
			productRefGroup = B29CBB4C2859D2B20058B382 /* Products */;
			projectDirPath = "";
			projectRoot = "";
			targets = (
				B29CBB4A2859D2B20058B382 /* FlickrImageViewer */,
				B29CBB652859D2B60058B382 /* FlickrImageViewerTests */,
				B29CBB6F2859D2B60058B382 /* FlickrImageViewerUITests */,
			);
		};
/* End PBXProject section */

/* Begin PBXResourcesBuildPhase section */
		B29CBB492859D2B20058B382 /* Resources */ = {
			isa = PBXResourcesBuildPhase;
			buildActionMask = 2147483647;
			files = (
				B29CBB5E2859D2B60058B382 /* LaunchScreen.storyboard in Resources */,
				B29CBB5B2859D2B60058B382 /* Assets.xcassets in Resources */,
				B29CBB592859D2B20058B382 /* Main.storyboard in Resources */,
			);
			runOnlyForDeploymentPostprocessing = 0;
		};
		B29CBB642859D2B60058B382 /* Resources */ = {
			isa = PBXResourcesBuildPhase;
			buildActionMask = 2147483647;
			files = (
			);
			runOnlyForDeploymentPostprocessing = 0;
		};
		B29CBB6E2859D2B60058B382 /* Resources */ = {
			isa = PBXResourcesBuildPhase;
			buildActionMask = 2147483647;
			files = (
			);
			runOnlyForDeploymentPostprocessing = 0;
		};
/* End PBXResourcesBuildPhase section */

/* Begin PBXSourcesBuildPhase section */
		B29CBB472859D2B20058B382 /* Sources */ = {
			isa = PBXSourcesBuildPhase;
			buildActionMask = 2147483647;
			files = (
				B23A30E02860573400E976C8 /* UIView+Additions.m in Sources */,
				B2CED1812863069600606615 /* SplashViewController.m in Sources */,
				B23A30DC2860508E00E976C8 /* UploadViewController.m in Sources */,
				B2CED17C2862F57A00606615 /* RootViewController.m in Sources */,
				B23A30F828616CD300E976C8 /* OMGUserAgent.m in Sources */,
				B23A30CA28604B9D00E976C8 /* PopularViewController.m in Sources */,
				B23A310A28619FE700E976C8 /* LoginHandler.m in Sources */,
				B23A30EF28607FCB00E976C8 /* NSString+Additions.m in Sources */,
				B2CED18628635C7900606615 /* LoadingButton.m in Sources */,
				B23A30FD28616E4800E976C8 /* UserAgent.m in Sources */,
				B29CBB502859D2B20058B382 /* AppDelegate.m in Sources */,
				B2CED18F286460AE00606615 /* ImageURLBuilder.m in Sources */,
				B29CBB612859D2B60058B382 /* main.m in Sources */,
				B23A30F42861602800E976C8 /* TDOAuth.m in Sources */,
				B23A30D428604FC700E976C8 /* HomeViewController.m in Sources */,
				B23A30EA28606FEA00E976C8 /* HMAC-sha1.m in Sources */,
				B23A310028616E8F00E976C8 /* OAuth.m in Sources */,
				B23A30D92860507F00E976C8 /* ProfileViewController.m in Sources */,
				B23A30C1286047EF00E976C8 /* LoginViewController.m in Sources */,
			);
			runOnlyForDeploymentPostprocessing = 0;
		};
		B29CBB622859D2B60058B382 /* Sources */ = {
			isa = PBXSourcesBuildPhase;
			buildActionMask = 2147483647;
			files = (
				B29CBB6B2859D2B60058B382 /* FlickrImageViewerTests.m in Sources */,
			);
			runOnlyForDeploymentPostprocessing = 0;
		};
		B29CBB6C2859D2B60058B382 /* Sources */ = {
			isa = PBXSourcesBuildPhase;
			buildActionMask = 2147483647;
			files = (
				B29CBB752859D2B60058B382 /* FlickrImageViewerUITests.m in Sources */,
				B29CBB772859D2B60058B382 /* FlickrImageViewerUITestsLaunchTests.m in Sources */,
			);
			runOnlyForDeploymentPostprocessing = 0;
		};
/* End PBXSourcesBuildPhase section */

/* Begin PBXTargetDependency section */
		B29CBB682859D2B60058B382 /* PBXTargetDependency */ = {
			isa = PBXTargetDependency;
			target = B29CBB4A2859D2B20058B382 /* FlickrImageViewer */;
			targetProxy = B29CBB672859D2B60058B382 /* PBXContainerItemProxy */;
		};
		B29CBB722859D2B60058B382 /* PBXTargetDependency */ = {
			isa = PBXTargetDependency;
			target = B29CBB4A2859D2B20058B382 /* FlickrImageViewer */;
			targetProxy = B29CBB712859D2B60058B382 /* PBXContainerItemProxy */;
		};
/* End PBXTargetDependency section */

/* Begin PBXVariantGroup section */
		B29CBB572859D2B20058B382 /* Main.storyboard */ = {
			isa = PBXVariantGroup;
			children = (
				B29CBB582859D2B20058B382 /* Base */,
			);
			name = Main.storyboard;
			sourceTree = "<group>";
		};
		B29CBB5C2859D2B60058B382 /* LaunchScreen.storyboard */ = {
			isa = PBXVariantGroup;
			children = (
				B29CBB5D2859D2B60058B382 /* Base */,
			);
			name = LaunchScreen.storyboard;
			sourceTree = "<group>";
		};
/* End PBXVariantGroup section */

/* Begin XCBuildConfiguration section */
		B29CBB782859D2B60058B382 /* Debug */ = {
			isa = XCBuildConfiguration;
			buildSettings = {
				ALWAYS_SEARCH_USER_PATHS = NO;
				CLANG_ANALYZER_NONNULL = YES;
				CLANG_ANALYZER_NUMBER_OBJECT_CONVERSION = YES_AGGRESSIVE;
				CLANG_CXX_LANGUAGE_STANDARD = "gnu++17";
				CLANG_ENABLE_MODULES = YES;
				CLANG_ENABLE_OBJC_ARC = YES;
				CLANG_ENABLE_OBJC_WEAK = YES;
				CLANG_WARN_BLOCK_CAPTURE_AUTORELEASING = YES;
				CLANG_WARN_BOOL_CONVERSION = YES;
				CLANG_WARN_COMMA = YES;
				CLANG_WARN_CONSTANT_CONVERSION = YES;
				CLANG_WARN_DEPRECATED_OBJC_IMPLEMENTATIONS = YES;
				CLANG_WARN_DIRECT_OBJC_ISA_USAGE = YES_ERROR;
				CLANG_WARN_DOCUMENTATION_COMMENTS = YES;
				CLANG_WARN_EMPTY_BODY = YES;
				CLANG_WARN_ENUM_CONVERSION = YES;
				CLANG_WARN_INFINITE_RECURSION = YES;
				CLANG_WARN_INT_CONVERSION = YES;
				CLANG_WARN_NON_LITERAL_NULL_CONVERSION = YES;
				CLANG_WARN_OBJC_IMPLICIT_RETAIN_SELF = YES;
				CLANG_WARN_OBJC_LITERAL_CONVERSION = YES;
				CLANG_WARN_OBJC_ROOT_CLASS = YES_ERROR;
				CLANG_WARN_QUOTED_INCLUDE_IN_FRAMEWORK_HEADER = YES;
				CLANG_WARN_RANGE_LOOP_ANALYSIS = YES;
				CLANG_WARN_STRICT_PROTOTYPES = YES;
				CLANG_WARN_SUSPICIOUS_MOVE = YES;
				CLANG_WARN_UNGUARDED_AVAILABILITY = YES_AGGRESSIVE;
				CLANG_WARN_UNREACHABLE_CODE = YES;
				CLANG_WARN__DUPLICATE_METHOD_MATCH = YES;
				COPY_PHASE_STRIP = NO;
				DEBUG_INFORMATION_FORMAT = dwarf;
				ENABLE_STRICT_OBJC_MSGSEND = YES;
				ENABLE_TESTABILITY = YES;
				GCC_C_LANGUAGE_STANDARD = gnu11;
				GCC_DYNAMIC_NO_PIC = NO;
				GCC_NO_COMMON_BLOCKS = YES;
				GCC_OPTIMIZATION_LEVEL = 0;
				GCC_PREPROCESSOR_DEFINITIONS = (
					"DEBUG=1",
					"$(inherited)",
				);
				GCC_WARN_64_TO_32_BIT_CONVERSION = YES;
				GCC_WARN_ABOUT_RETURN_TYPE = YES_ERROR;
				GCC_WARN_UNDECLARED_SELECTOR = YES;
				GCC_WARN_UNINITIALIZED_AUTOS = YES_AGGRESSIVE;
				GCC_WARN_UNUSED_FUNCTION = YES;
				GCC_WARN_UNUSED_VARIABLE = YES;
				IPHONEOS_DEPLOYMENT_TARGET = 15.4;
				MTL_ENABLE_DEBUG_INFO = INCLUDE_SOURCE;
				MTL_FAST_MATH = YES;
				ONLY_ACTIVE_ARCH = YES;
				SDKROOT = iphoneos;
			};
			name = Debug;
		};
		B29CBB792859D2B60058B382 /* Release */ = {
			isa = XCBuildConfiguration;
			buildSettings = {
				ALWAYS_SEARCH_USER_PATHS = NO;
				CLANG_ANALYZER_NONNULL = YES;
				CLANG_ANALYZER_NUMBER_OBJECT_CONVERSION = YES_AGGRESSIVE;
				CLANG_CXX_LANGUAGE_STANDARD = "gnu++17";
				CLANG_ENABLE_MODULES = YES;
				CLANG_ENABLE_OBJC_ARC = YES;
				CLANG_ENABLE_OBJC_WEAK = YES;
				CLANG_WARN_BLOCK_CAPTURE_AUTORELEASING = YES;
				CLANG_WARN_BOOL_CONVERSION = YES;
				CLANG_WARN_COMMA = YES;
				CLANG_WARN_CONSTANT_CONVERSION = YES;
				CLANG_WARN_DEPRECATED_OBJC_IMPLEMENTATIONS = YES;
				CLANG_WARN_DIRECT_OBJC_ISA_USAGE = YES_ERROR;
				CLANG_WARN_DOCUMENTATION_COMMENTS = YES;
				CLANG_WARN_EMPTY_BODY = YES;
				CLANG_WARN_ENUM_CONVERSION = YES;
				CLANG_WARN_INFINITE_RECURSION = YES;
				CLANG_WARN_INT_CONVERSION = YES;
				CLANG_WARN_NON_LITERAL_NULL_CONVERSION = YES;
				CLANG_WARN_OBJC_IMPLICIT_RETAIN_SELF = YES;
				CLANG_WARN_OBJC_LITERAL_CONVERSION = YES;
				CLANG_WARN_OBJC_ROOT_CLASS = YES_ERROR;
				CLANG_WARN_QUOTED_INCLUDE_IN_FRAMEWORK_HEADER = YES;
				CLANG_WARN_RANGE_LOOP_ANALYSIS = YES;
				CLANG_WARN_STRICT_PROTOTYPES = YES;
				CLANG_WARN_SUSPICIOUS_MOVE = YES;
				CLANG_WARN_UNGUARDED_AVAILABILITY = YES_AGGRESSIVE;
				CLANG_WARN_UNREACHABLE_CODE = YES;
				CLANG_WARN__DUPLICATE_METHOD_MATCH = YES;
				COPY_PHASE_STRIP = NO;
				DEBUG_INFORMATION_FORMAT = "dwarf-with-dsym";
				ENABLE_NS_ASSERTIONS = NO;
				ENABLE_STRICT_OBJC_MSGSEND = YES;
				GCC_C_LANGUAGE_STANDARD = gnu11;
				GCC_NO_COMMON_BLOCKS = YES;
				GCC_WARN_64_TO_32_BIT_CONVERSION = YES;
				GCC_WARN_ABOUT_RETURN_TYPE = YES_ERROR;
				GCC_WARN_UNDECLARED_SELECTOR = YES;
				GCC_WARN_UNINITIALIZED_AUTOS = YES_AGGRESSIVE;
				GCC_WARN_UNUSED_FUNCTION = YES;
				GCC_WARN_UNUSED_VARIABLE = YES;
				IPHONEOS_DEPLOYMENT_TARGET = 15.4;
				MTL_ENABLE_DEBUG_INFO = NO;
				MTL_FAST_MATH = YES;
				SDKROOT = iphoneos;
				VALIDATE_PRODUCT = YES;
			};
			name = Release;
		};
		B29CBB7B2859D2B60058B382 /* Debug */ = {
			isa = XCBuildConfiguration;
			buildSettings = {
				ASSETCATALOG_COMPILER_APPICON_NAME = AppIcon;
				ASSETCATALOG_COMPILER_GLOBAL_ACCENT_COLOR_NAME = AccentColor;
				CODE_SIGN_STYLE = Automatic;
				CURRENT_PROJECT_VERSION = 1;
				GENERATE_INFOPLIST_FILE = YES;
				INFOPLIST_FILE = FlickrImageViewer/Info.plist;
				INFOPLIST_KEY_UIApplicationSupportsIndirectInputEvents = YES;
				INFOPLIST_KEY_UILaunchStoryboardName = LaunchScreen;
				INFOPLIST_KEY_UISupportedInterfaceOrientations_iPad = "UIInterfaceOrientationPortrait UIInterfaceOrientationPortraitUpsideDown UIInterfaceOrientationLandscapeLeft UIInterfaceOrientationLandscapeRight";
				INFOPLIST_KEY_UISupportedInterfaceOrientations_iPhone = "UIInterfaceOrientationPortrait UIInterfaceOrientationLandscapeLeft UIInterfaceOrientationLandscapeRight";
				LD_RUNPATH_SEARCH_PATHS = (
					"$(inherited)",
					"@executable_path/Frameworks",
				);
				MARKETING_VERSION = 1.0;
				PRODUCT_BUNDLE_IDENTIFIER = vn.vng.duongvc.FlickrImageViewer;
				PRODUCT_NAME = "$(TARGET_NAME)";
				SWIFT_EMIT_LOC_STRINGS = YES;
				TARGETED_DEVICE_FAMILY = "1,2";
			};
			name = Debug;
		};
		B29CBB7C2859D2B60058B382 /* Release */ = {
			isa = XCBuildConfiguration;
			buildSettings = {
				ASSETCATALOG_COMPILER_APPICON_NAME = AppIcon;
				ASSETCATALOG_COMPILER_GLOBAL_ACCENT_COLOR_NAME = AccentColor;
				CODE_SIGN_STYLE = Automatic;
				CURRENT_PROJECT_VERSION = 1;
				GENERATE_INFOPLIST_FILE = YES;
				INFOPLIST_FILE = FlickrImageViewer/Info.plist;
				INFOPLIST_KEY_UIApplicationSupportsIndirectInputEvents = YES;
				INFOPLIST_KEY_UILaunchStoryboardName = LaunchScreen;
				INFOPLIST_KEY_UISupportedInterfaceOrientations_iPad = "UIInterfaceOrientationPortrait UIInterfaceOrientationPortraitUpsideDown UIInterfaceOrientationLandscapeLeft UIInterfaceOrientationLandscapeRight";
				INFOPLIST_KEY_UISupportedInterfaceOrientations_iPhone = "UIInterfaceOrientationPortrait UIInterfaceOrientationLandscapeLeft UIInterfaceOrientationLandscapeRight";
				LD_RUNPATH_SEARCH_PATHS = (
					"$(inherited)",
					"@executable_path/Frameworks",
				);
				MARKETING_VERSION = 1.0;
				PRODUCT_BUNDLE_IDENTIFIER = vn.vng.duongvc.FlickrImageViewer;
				PRODUCT_NAME = "$(TARGET_NAME)";
				SWIFT_EMIT_LOC_STRINGS = YES;
				TARGETED_DEVICE_FAMILY = "1,2";
			};
			name = Release;
		};
		B29CBB7E2859D2B60058B382 /* Debug */ = {
			isa = XCBuildConfiguration;
			buildSettings = {
				BUNDLE_LOADER = "$(TEST_HOST)";
				CODE_SIGN_STYLE = Automatic;
				CURRENT_PROJECT_VERSION = 1;
				GENERATE_INFOPLIST_FILE = YES;
				IPHONEOS_DEPLOYMENT_TARGET = 15.4;
				MARKETING_VERSION = 1.0;
				PRODUCT_BUNDLE_IDENTIFIER = vn.vng.duongvc.FlickrImageViewerTests;
				PRODUCT_NAME = "$(TARGET_NAME)";
				SWIFT_EMIT_LOC_STRINGS = NO;
				TARGETED_DEVICE_FAMILY = "1,2";
				TEST_HOST = "$(BUILT_PRODUCTS_DIR)/FlickrImageViewer.app/FlickrImageViewer";
			};
			name = Debug;
		};
		B29CBB7F2859D2B60058B382 /* Release */ = {
			isa = XCBuildConfiguration;
			buildSettings = {
				BUNDLE_LOADER = "$(TEST_HOST)";
				CODE_SIGN_STYLE = Automatic;
				CURRENT_PROJECT_VERSION = 1;
				GENERATE_INFOPLIST_FILE = YES;
				IPHONEOS_DEPLOYMENT_TARGET = 15.4;
				MARKETING_VERSION = 1.0;
				PRODUCT_BUNDLE_IDENTIFIER = vn.vng.duongvc.FlickrImageViewerTests;
				PRODUCT_NAME = "$(TARGET_NAME)";
				SWIFT_EMIT_LOC_STRINGS = NO;
				TARGETED_DEVICE_FAMILY = "1,2";
				TEST_HOST = "$(BUILT_PRODUCTS_DIR)/FlickrImageViewer.app/FlickrImageViewer";
			};
			name = Release;
		};
		B29CBB812859D2B60058B382 /* Debug */ = {
			isa = XCBuildConfiguration;
			buildSettings = {
				CODE_SIGN_STYLE = Automatic;
				CURRENT_PROJECT_VERSION = 1;
				GENERATE_INFOPLIST_FILE = YES;
				MARKETING_VERSION = 1.0;
				PRODUCT_BUNDLE_IDENTIFIER = vn.vng.duongvc.FlickrImageViewerUITests;
				PRODUCT_NAME = "$(TARGET_NAME)";
				SWIFT_EMIT_LOC_STRINGS = NO;
				TARGETED_DEVICE_FAMILY = "1,2";
				TEST_TARGET_NAME = FlickrImageViewer;
			};
			name = Debug;
		};
		B29CBB822859D2B60058B382 /* Release */ = {
			isa = XCBuildConfiguration;
			buildSettings = {
				CODE_SIGN_STYLE = Automatic;
				CURRENT_PROJECT_VERSION = 1;
				GENERATE_INFOPLIST_FILE = YES;
				MARKETING_VERSION = 1.0;
				PRODUCT_BUNDLE_IDENTIFIER = vn.vng.duongvc.FlickrImageViewerUITests;
				PRODUCT_NAME = "$(TARGET_NAME)";
				SWIFT_EMIT_LOC_STRINGS = NO;
				TARGETED_DEVICE_FAMILY = "1,2";
				TEST_TARGET_NAME = FlickrImageViewer;
			};
			name = Release;
		};
/* End XCBuildConfiguration section */

/* Begin XCConfigurationList section */
		B29CBB462859D2B20058B382 /* Build configuration list for PBXProject "FlickrImageViewer" */ = {
			isa = XCConfigurationList;
			buildConfigurations = (
				B29CBB782859D2B60058B382 /* Debug */,
				B29CBB792859D2B60058B382 /* Release */,
			);
			defaultConfigurationIsVisible = 0;
			defaultConfigurationName = Release;
		};
		B29CBB7A2859D2B60058B382 /* Build configuration list for PBXNativeTarget "FlickrImageViewer" */ = {
			isa = XCConfigurationList;
			buildConfigurations = (
				B29CBB7B2859D2B60058B382 /* Debug */,
				B29CBB7C2859D2B60058B382 /* Release */,
			);
			defaultConfigurationIsVisible = 0;
			defaultConfigurationName = Release;
		};
		B29CBB7D2859D2B60058B382 /* Build configuration list for PBXNativeTarget "FlickrImageViewerTests" */ = {
			isa = XCConfigurationList;
			buildConfigurations = (
				B29CBB7E2859D2B60058B382 /* Debug */,
				B29CBB7F2859D2B60058B382 /* Release */,
			);
			defaultConfigurationIsVisible = 0;
			defaultConfigurationName = Release;
		};
		B29CBB802859D2B60058B382 /* Build configuration list for PBXNativeTarget "FlickrImageViewerUITests" */ = {
			isa = XCConfigurationList;
			buildConfigurations = (
				B29CBB812859D2B60058B382 /* Debug */,
				B29CBB822859D2B60058B382 /* Release */,
			);
			defaultConfigurationIsVisible = 0;
			defaultConfigurationName = Release;
		};
/* End XCConfigurationList section */
	};
	rootObject = B29CBB432859D2B20058B382 /* Project object */;
}
